
Microsoft Visual Studio Solution File, Format Version 12.00
# Visual Studio Version 16
VisualStudioVersion = 16.6.30114.105
MinimumVisualStudioVersion = 10.0.40219.1
Project("{9A19103F-16F7-4668-BE54-9A1E7A4F7556}") = "R5T.T0036.Construction", "R5T.T0036.Construction\R5T.T0036.Construction.csproj", "{7730F9D1-7139-4C3B-8420-169AA16479C3}"
EndProject
Project("{9A19103F-16F7-4668-BE54-9A1E7A4F7556}") = "R5T.T0036", "R5T.T0036\R5T.T0036.csproj", "{776B08CB-FE83-40F0-8B5B-AF503E727404}"
EndProject
Project("{9A19103F-16F7-4668-BE54-9A1E7A4F7556}") = "R5T.T0036.X001", "R5T.T0036.X001\R5T.T0036.X001.csproj", "{2B665699-E93E-404A-B1B5-BA2145712E67}"
EndProject
Project("{9A19103F-16F7-4668-BE54-9A1E7A4F7556}") = "R5T.T0036.X002", "R5T.T0036.X002\R5T.T0036.X002.csproj", "{07C74F55-DF68-4773-9737-A17C01DBDA73}"
EndProject
Project("{9A19103F-16F7-4668-BE54-9A1E7A4F7556}") = "R5T.T0036.X003", "R5T.T0036.X003\R5T.T0036.X003.csproj", "{8336A04C-ED85-49B5-84F3-5944E72DA8BC}"
EndProject
Project("{2150E333-8FDC-42A3-9474-1A3956D46DE8}") = "_Dependencies", "_Dependencies", "{D3081BEE-2C97-4D14-A5B9-BB2119F9646C}"
EndProject
Project("{9A19103F-16F7-4668-BE54-9A1E7A4F7556}") = "R5T.L0011", "..\..\R5T.L0011\source\R5T.L0011\R5T.L0011.csproj", "{7D5ACAAF-A127-4052-9F89-435BE0028608}"
EndProject
Project("{9A19103F-16F7-4668-BE54-9A1E7A4F7556}") = "R5T.T0036.X004", "R5T.T0036.X004\R5T.T0036.X004.csproj", "{E734F7B8-FCEF-4EAC-A5BA-1F4C047CE553}"
EndProject
Project("{9A19103F-16F7-4668-BE54-9A1E7A4F7556}") = "R5T.L0011.T001.X001", "..\..\R5T.L0011\source\R5T.L0011.T001.X001\R5T.L0011.T001.X001.csproj", "{FFF33E29-AA53-482F-B50E-6B741993A21A}"
EndProject
Project("{9A19103F-16F7-4668-BE54-9A1E7A4F7556}") = "R5T.L0011.X002", "..\..\R5T.L0011\source\R5T.L0011.X002\R5T.L0011.X002.csproj", "{3AAC18BC-1D65-4AC6-A226-27EC09FB3F7D}"
EndProject
Project("{FAE04EC0-301F-11D3-BF4B-00C04F79EFBC}") = "R5T.T0036.X005", "R5T.T0036.X005\R5T.T0036.X005.csproj", "{FACBB312-159B-430C-BA87-0F839217672E}"
EndProject
Project("{9A19103F-16F7-4668-BE54-9A1E7A4F7556}") = "R5T.T0034.X011", "..\..\R5T.T0034\source\R5T.T0034.X011\R5T.T0034.X011.csproj", "{4B49FF62-AD88-4282-B940-95E35B8B0EFC}"
EndProject
Global
	GlobalSection(SolutionConfigurationPlatforms) = preSolution
		Debug|Any CPU = Debug|Any CPU
		Debug|x64 = Debug|x64
		Debug|x86 = Debug|x86
		Release|Any CPU = Release|Any CPU
		Release|x64 = Release|x64
		Release|x86 = Release|x86
	EndGlobalSection
	GlobalSection(ProjectConfigurationPlatforms) = postSolution
		{7730F9D1-7139-4C3B-8420-169AA16479C3}.Debug|Any CPU.ActiveCfg = Debug|Any CPU
		{7730F9D1-7139-4C3B-8420-169AA16479C3}.Debug|Any CPU.Build.0 = Debug|Any CPU
		{7730F9D1-7139-4C3B-8420-169AA16479C3}.Debug|x64.ActiveCfg = Debug|Any CPU
		{7730F9D1-7139-4C3B-8420-169AA16479C3}.Debug|x64.Build.0 = Debug|Any CPU
		{7730F9D1-7139-4C3B-8420-169AA16479C3}.Debug|x86.ActiveCfg = Debug|Any CPU
		{7730F9D1-7139-4C3B-8420-169AA16479C3}.Debug|x86.Build.0 = Debug|Any CPU
		{7730F9D1-7139-4C3B-8420-169AA16479C3}.Release|Any CPU.ActiveCfg = Release|Any CPU
		{7730F9D1-7139-4C3B-8420-169AA16479C3}.Release|Any CPU.Build.0 = Release|Any CPU
		{7730F9D1-7139-4C3B-8420-169AA16479C3}.Release|x64.ActiveCfg = Release|Any CPU
		{7730F9D1-7139-4C3B-8420-169AA16479C3}.Release|x64.Build.0 = Release|Any CPU
		{7730F9D1-7139-4C3B-8420-169AA16479C3}.Release|x86.ActiveCfg = Release|Any CPU
		{7730F9D1-7139-4C3B-8420-169AA16479C3}.Release|x86.Build.0 = Release|Any CPU
		{776B08CB-FE83-40F0-8B5B-AF503E727404}.Debug|Any CPU.ActiveCfg = Debug|Any CPU
		{776B08CB-FE83-40F0-8B5B-AF503E727404}.Debug|Any CPU.Build.0 = Debug|Any CPU
		{776B08CB-FE83-40F0-8B5B-AF503E727404}.Debug|x64.ActiveCfg = Debug|Any CPU
		{776B08CB-FE83-40F0-8B5B-AF503E727404}.Debug|x64.Build.0 = Debug|Any CPU
		{776B08CB-FE83-40F0-8B5B-AF503E727404}.Debug|x86.ActiveCfg = Debug|Any CPU
		{776B08CB-FE83-40F0-8B5B-AF503E727404}.Debug|x86.Build.0 = Debug|Any CPU
		{776B08CB-FE83-40F0-8B5B-AF503E727404}.Release|Any CPU.ActiveCfg = Release|Any CPU
		{776B08CB-FE83-40F0-8B5B-AF503E727404}.Release|Any CPU.Build.0 = Release|Any CPU
		{776B08CB-FE83-40F0-8B5B-AF503E727404}.Release|x64.ActiveCfg = Release|Any CPU
		{776B08CB-FE83-40F0-8B5B-AF503E727404}.Release|x64.Build.0 = Release|Any CPU
		{776B08CB-FE83-40F0-8B5B-AF503E727404}.Release|x86.ActiveCfg = Release|Any CPU
		{776B08CB-FE83-40F0-8B5B-AF503E727404}.Release|x86.Build.0 = Release|Any CPU
		{2B665699-E93E-404A-B1B5-BA2145712E67}.Debug|Any CPU.ActiveCfg = Debug|Any CPU
		{2B665699-E93E-404A-B1B5-BA2145712E67}.Debug|Any CPU.Build.0 = Debug|Any CPU
		{2B665699-E93E-404A-B1B5-BA2145712E67}.Debug|x64.ActiveCfg = Debug|Any CPU
		{2B665699-E93E-404A-B1B5-BA2145712E67}.Debug|x64.Build.0 = Debug|Any CPU
		{2B665699-E93E-404A-B1B5-BA2145712E67}.Debug|x86.ActiveCfg = Debug|Any CPU
		{2B665699-E93E-404A-B1B5-BA2145712E67}.Debug|x86.Build.0 = Debug|Any CPU
		{2B665699-E93E-404A-B1B5-BA2145712E67}.Release|Any CPU.ActiveCfg = Release|Any CPU
		{2B665699-E93E-404A-B1B5-BA2145712E67}.Release|Any CPU.Build.0 = Release|Any CPU
		{2B665699-E93E-404A-B1B5-BA2145712E67}.Release|x64.ActiveCfg = Release|Any CPU
		{2B665699-E93E-404A-B1B5-BA2145712E67}.Release|x64.Build.0 = Release|Any CPU
		{2B665699-E93E-404A-B1B5-BA2145712E67}.Release|x86.ActiveCfg = Release|Any CPU
		{2B665699-E93E-404A-B1B5-BA2145712E67}.Release|x86.Build.0 = Release|Any CPU
		{07C74F55-DF68-4773-9737-A17C01DBDA73}.Debug|Any CPU.ActiveCfg = Debug|Any CPU
		{07C74F55-DF68-4773-9737-A17C01DBDA73}.Debug|Any CPU.Build.0 = Debug|Any CPU
		{07C74F55-DF68-4773-9737-A17C01DBDA73}.Debug|x64.ActiveCfg = Debug|Any CPU
		{07C74F55-DF68-4773-9737-A17C01DBDA73}.Debug|x64.Build.0 = Debug|Any CPU
		{07C74F55-DF68-4773-9737-A17C01DBDA73}.Debug|x86.ActiveCfg = Debug|Any CPU
		{07C74F55-DF68-4773-9737-A17C01DBDA73}.Debug|x86.Build.0 = Debug|Any CPU
		{07C74F55-DF68-4773-9737-A17C01DBDA73}.Release|Any CPU.ActiveCfg = Release|Any CPU
		{07C74F55-DF68-4773-9737-A17C01DBDA73}.Release|Any CPU.Build.0 = Release|Any CPU
		{07C74F55-DF68-4773-9737-A17C01DBDA73}.Release|x64.ActiveCfg = Release|Any CPU
		{07C74F55-DF68-4773-9737-A17C01DBDA73}.Release|x64.Build.0 = Release|Any CPU
		{07C74F55-DF68-4773-9737-A17C01DBDA73}.Release|x86.ActiveCfg = Release|Any CPU
		{07C74F55-DF68-4773-9737-A17C01DBDA73}.Release|x86.Build.0 = Release|Any CPU
		{8336A04C-ED85-49B5-84F3-5944E72DA8BC}.Debug|Any CPU.ActiveCfg = Debug|Any CPU
		{8336A04C-ED85-49B5-84F3-5944E72DA8BC}.Debug|Any CPU.Build.0 = Debug|Any CPU
		{8336A04C-ED85-49B5-84F3-5944E72DA8BC}.Debug|x64.ActiveCfg = Debug|Any CPU
		{8336A04C-ED85-49B5-84F3-5944E72DA8BC}.Debug|x64.Build.0 = Debug|Any CPU
		{8336A04C-ED85-49B5-84F3-5944E72DA8BC}.Debug|x86.ActiveCfg = Debug|Any CPU
		{8336A04C-ED85-49B5-84F3-5944E72DA8BC}.Debug|x86.Build.0 = Debug|Any CPU
		{8336A04C-ED85-49B5-84F3-5944E72DA8BC}.Release|Any CPU.ActiveCfg = Release|Any CPU
		{8336A04C-ED85-49B5-84F3-5944E72DA8BC}.Release|Any CPU.Build.0 = Release|Any CPU
		{8336A04C-ED85-49B5-84F3-5944E72DA8BC}.Release|x64.ActiveCfg = Release|Any CPU
		{8336A04C-ED85-49B5-84F3-5944E72DA8BC}.Release|x64.Build.0 = Release|Any CPU
		{8336A04C-ED85-49B5-84F3-5944E72DA8BC}.Release|x86.ActiveCfg = Release|Any CPU
		{8336A04C-ED85-49B5-84F3-5944E72DA8BC}.Release|x86.Build.0 = Release|Any CPU
		{7D5ACAAF-A127-4052-9F89-435BE0028608}.Debug|Any CPU.ActiveCfg = Debug|Any CPU
		{7D5ACAAF-A127-4052-9F89-435BE0028608}.Debug|Any CPU.Build.0 = Debug|Any CPU
		{7D5ACAAF-A127-4052-9F89-435BE0028608}.Debug|x64.ActiveCfg = Debug|Any CPU
		{7D5ACAAF-A127-4052-9F89-435BE0028608}.Debug|x64.Build.0 = Debug|Any CPU
		{7D5ACAAF-A127-4052-9F89-435BE0028608}.Debug|x86.ActiveCfg = Debug|Any CPU
		{7D5ACAAF-A127-4052-9F89-435BE0028608}.Debug|x86.Build.0 = Debug|Any CPU
		{7D5ACAAF-A127-4052-9F89-435BE0028608}.Release|Any CPU.ActiveCfg = Release|Any CPU
		{7D5ACAAF-A127-4052-9F89-435BE0028608}.Release|Any CPU.Build.0 = Release|Any CPU
		{7D5ACAAF-A127-4052-9F89-435BE0028608}.Release|x64.ActiveCfg = Release|Any CPU
		{7D5ACAAF-A127-4052-9F89-435BE0028608}.Release|x64.Build.0 = Release|Any CPU
		{7D5ACAAF-A127-4052-9F89-435BE0028608}.Release|x86.ActiveCfg = Release|Any CPU
		{7D5ACAAF-A127-4052-9F89-435BE0028608}.Release|x86.Build.0 = Release|Any CPU
		{E734F7B8-FCEF-4EAC-A5BA-1F4C047CE553}.Debug|Any CPU.ActiveCfg = Debug|Any CPU
		{E734F7B8-FCEF-4EAC-A5BA-1F4C047CE553}.Debug|Any CPU.Build.0 = Debug|Any CPU
		{E734F7B8-FCEF-4EAC-A5BA-1F4C047CE553}.Debug|x64.ActiveCfg = Debug|Any CPU
		{E734F7B8-FCEF-4EAC-A5BA-1F4C047CE553}.Debug|x64.Build.0 = Debug|Any CPU
		{E734F7B8-FCEF-4EAC-A5BA-1F4C047CE553}.Debug|x86.ActiveCfg = Debug|Any CPU
		{E734F7B8-FCEF-4EAC-A5BA-1F4C047CE553}.Debug|x86.Build.0 = Debug|Any CPU
		{E734F7B8-FCEF-4EAC-A5BA-1F4C047CE553}.Release|Any CPU.ActiveCfg = Release|Any CPU
		{E734F7B8-FCEF-4EAC-A5BA-1F4C047CE553}.Release|Any CPU.Build.0 = Release|Any CPU
		{E734F7B8-FCEF-4EAC-A5BA-1F4C047CE553}.Release|x64.ActiveCfg = Release|Any CPU
		{E734F7B8-FCEF-4EAC-A5BA-1F4C047CE553}.Release|x64.Build.0 = Release|Any CPU
		{E734F7B8-FCEF-4EAC-A5BA-1F4C047CE553}.Release|x86.ActiveCfg = Release|Any CPU
		{E734F7B8-FCEF-4EAC-A5BA-1F4C047CE553}.Release|x86.Build.0 = Release|Any CPU
		{FFF33E29-AA53-482F-B50E-6B741993A21A}.Debug|Any CPU.ActiveCfg = Debug|Any CPU
		{FFF33E29-AA53-482F-B50E-6B741993A21A}.Debug|Any CPU.Build.0 = Debug|Any CPU
		{FFF33E29-AA53-482F-B50E-6B741993A21A}.Debug|x64.ActiveCfg = Debug|Any CPU
		{FFF33E29-AA53-482F-B50E-6B741993A21A}.Debug|x64.Build.0 = Debug|Any CPU
		{FFF33E29-AA53-482F-B50E-6B741993A21A}.Debug|x86.ActiveCfg = Debug|Any CPU
		{FFF33E29-AA53-482F-B50E-6B741993A21A}.Debug|x86.Build.0 = Debug|Any CPU
		{FFF33E29-AA53-482F-B50E-6B741993A21A}.Release|Any CPU.ActiveCfg = Release|Any CPU
		{FFF33E29-AA53-482F-B50E-6B741993A21A}.Release|Any CPU.Build.0 = Release|Any CPU
		{FFF33E29-AA53-482F-B50E-6B741993A21A}.Release|x64.ActiveCfg = Release|Any CPU
		{FFF33E29-AA53-482F-B50E-6B741993A21A}.Release|x64.Build.0 = Release|Any CPU
		{FFF33E29-AA53-482F-B50E-6B741993A21A}.Release|x86.ActiveCfg = Release|Any CPU
		{FFF33E29-AA53-482F-B50E-6B741993A21A}.Release|x86.Build.0 = Release|Any CPU
		{3AAC18BC-1D65-4AC6-A226-27EC09FB3F7D}.Debug|Any CPU.ActiveCfg = Debug|Any CPU
		{3AAC18BC-1D65-4AC6-A226-27EC09FB3F7D}.Debug|Any CPU.Build.0 = Debug|Any CPU
		{3AAC18BC-1D65-4AC6-A226-27EC09FB3F7D}.Debug|x64.ActiveCfg = Debug|Any CPU
		{3AAC18BC-1D65-4AC6-A226-27EC09FB3F7D}.Debug|x64.Build.0 = Debug|Any CPU
		{3AAC18BC-1D65-4AC6-A226-27EC09FB3F7D}.Debug|x86.ActiveCfg = Debug|Any CPU
		{3AAC18BC-1D65-4AC6-A226-27EC09FB3F7D}.Debug|x86.Build.0 = Debug|Any CPU
		{3AAC18BC-1D65-4AC6-A226-27EC09FB3F7D}.Release|Any CPU.ActiveCfg = Release|Any CPU
		{3AAC18BC-1D65-4AC6-A226-27EC09FB3F7D}.Release|Any CPU.Build.0 = Release|Any CPU
		{3AAC18BC-1D65-4AC6-A226-27EC09FB3F7D}.Release|x64.ActiveCfg = Release|Any CPU
		{3AAC18BC-1D65-4AC6-A226-27EC09FB3F7D}.Release|x64.Build.0 = Release|Any CPU
		{3AAC18BC-1D65-4AC6-A226-27EC09FB3F7D}.Release|x86.ActiveCfg = Release|Any CPU
		{3AAC18BC-1D65-4AC6-A226-27EC09FB3F7D}.Release|x86.Build.0 = Release|Any CPU
		{FACBB312-159B-430C-BA87-0F839217672E}.Debug|Any CPU.ActiveCfg = Debug|Any CPU
		{FACBB312-159B-430C-BA87-0F839217672E}.Debug|Any CPU.Build.0 = Debug|Any CPU
		{FACBB312-159B-430C-BA87-0F839217672E}.Debug|x64.ActiveCfg = Debug|Any CPU
		{FACBB312-159B-430C-BA87-0F839217672E}.Debug|x64.Build.0 = Debug|Any CPU
		{FACBB312-159B-430C-BA87-0F839217672E}.Debug|x86.ActiveCfg = Debug|Any CPU
		{FACBB312-159B-430C-BA87-0F839217672E}.Debug|x86.Build.0 = Debug|Any CPU
		{FACBB312-159B-430C-BA87-0F839217672E}.Release|Any CPU.ActiveCfg = Release|Any CPU
		{FACBB312-159B-430C-BA87-0F839217672E}.Release|Any CPU.Build.0 = Release|Any CPU
		{FACBB312-159B-430C-BA87-0F839217672E}.Release|x64.ActiveCfg = Release|Any CPU
		{FACBB312-159B-430C-BA87-0F839217672E}.Release|x64.Build.0 = Release|Any CPU
		{FACBB312-159B-430C-BA87-0F839217672E}.Release|x86.ActiveCfg = Release|Any CPU
		{FACBB312-159B-430C-BA87-0F839217672E}.Release|x86.Build.0 = Release|Any CPU
		{4B49FF62-AD88-4282-B940-95E35B8B0EFC}.Debug|Any CPU.ActiveCfg = Debug|Any CPU
		{4B49FF62-AD88-4282-B940-95E35B8B0EFC}.Debug|Any CPU.Build.0 = Debug|Any CPU
		{4B49FF62-AD88-4282-B940-95E35B8B0EFC}.Debug|x64.ActiveCfg = Debug|Any CPU
		{4B49FF62-AD88-4282-B940-95E35B8B0EFC}.Debug|x64.Build.0 = Debug|Any CPU
		{4B49FF62-AD88-4282-B940-95E35B8B0EFC}.Debug|x86.ActiveCfg = Debug|Any CPU
		{4B49FF62-AD88-4282-B940-95E35B8B0EFC}.Debug|x86.Build.0 = Debug|Any CPU
		{4B49FF62-AD88-4282-B940-95E35B8B0EFC}.Release|Any CPU.ActiveCfg = Release|Any CPU
		{4B49FF62-AD88-4282-B940-95E35B8B0EFC}.Release|Any CPU.Build.0 = Release|Any CPU
		{4B49FF62-AD88-4282-B940-95E35B8B0EFC}.Release|x64.ActiveCfg = Release|Any CPU
		{4B49FF62-AD88-4282-B940-95E35B8B0EFC}.Release|x64.Build.0 = Release|Any CPU
		{4B49FF62-AD88-4282-B940-95E35B8B0EFC}.Release|x86.ActiveCfg = Release|Any CPU
		{4B49FF62-AD88-4282-B940-95E35B8B0EFC}.Release|x86.Build.0 = Release|Any CPU
	EndGlobalSection
	GlobalSection(SolutionProperties) = preSolution
		HideSolutionNode = FALSE
	EndGlobalSection
	GlobalSection(NestedProjects) = preSolution
		{7D5ACAAF-A127-4052-9F89-435BE0028608} = {D3081BEE-2C97-4D14-A5B9-BB2119F9646C}
		{FFF33E29-AA53-482F-B50E-6B741993A21A} = {D3081BEE-2C97-4D14-A5B9-BB2119F9646C}
		{3AAC18BC-1D65-4AC6-A226-27EC09FB3F7D} = {D3081BEE-2C97-4D14-A5B9-BB2119F9646C}
		{4B49FF62-AD88-4282-B940-95E35B8B0EFC} = {D3081BEE-2C97-4D14-A5B9-BB2119F9646C}
	EndGlobalSection
	GlobalSection(ExtensibilityGlobals) = postSolution
		SolutionGuid = {29511E14-6738-4F53-9F33-E802E28455C7}
	EndGlobalSection
EndGlobal
