
Microsoft Visual Studio Solution File, Format Version 12.00
# Visual Studio Version 17
VisualStudioVersion = 17.2.32630.192
MinimumVisualStudioVersion = 10.0.40219.1
Project("{9A19103F-16F7-4668-BE54-9A1E7A4F7556}") = "R5T.T0036.Construction", "R5T.T0036.Construction\R5T.T0036.Construction.csproj", "{7730F9D1-7139-4C3B-8420-169AA16479C3}"
EndProject
Project("{9A19103F-16F7-4668-BE54-9A1E7A4F7556}") = "R5T.T0036", "R5T.T0036\R5T.T0036.csproj", "{776B08CB-FE83-40F0-8B5B-AF503E727404}"
EndProject
Project("{9A19103F-16F7-4668-BE54-9A1E7A4F7556}") = "R5T.T0036.X001", "R5T.T0036.X001\R5T.T0036.X001.csproj", "{2B665699-E93E-404A-B1B5-BA2145712E67}"
EndProject
Project("{9A19103F-16F7-4668-BE54-9A1E7A4F7556}") = "R5T.T0036.X002", "R5T.T0036.X002\R5T.T0036.X002.csproj", "{07C74F55-DF68-4773-9737-A17C01DBDA73}"
EndProject
Project("{9A19103F-16F7-4668-BE54-9A1E7A4F7556}") = "R5T.T0036.X003", "R5T.T0036.X003\R5T.T0036.X003.csproj", "{8336A04C-ED85-49B5-84F3-5944E72DA8BC}"
EndProject
Project("{2150E333-8FDC-42A3-9474-1A3956D46DE8}") = "_Dependencies", "_Dependencies", "{D3081BEE-2C97-4D14-A5B9-BB2119F9646C}"
EndProject
Project("{9A19103F-16F7-4668-BE54-9A1E7A4F7556}") = "R5T.L0011", "..\..\R5T.L0011\source\R5T.L0011\R5T.L0011.csproj", "{7D5ACAAF-A127-4052-9F89-435BE0028608}"
EndProject
Project("{9A19103F-16F7-4668-BE54-9A1E7A4F7556}") = "R5T.T0036.X004", "R5T.T0036.X004\R5T.T0036.X004.csproj", "{E734F7B8-FCEF-4EAC-A5BA-1F4C047CE553}"
EndProject
Project("{9A19103F-16F7-4668-BE54-9A1E7A4F7556}") = "R5T.L0011.T001.X001", "..\..\R5T.L0011\source\R5T.L0011.T001.X001\R5T.L0011.T001.X001.csproj", "{FFF33E29-AA53-482F-B50E-6B741993A21A}"
EndProject
Project("{9A19103F-16F7-4668-BE54-9A1E7A4F7556}") = "R5T.L0011.X002", "..\..\R5T.L0011\source\R5T.L0011.X002\R5T.L0011.X002.csproj", "{3AAC18BC-1D65-4AC6-A226-27EC09FB3F7D}"
EndProject
Project("{9A19103F-16F7-4668-BE54-9A1E7A4F7556}") = "R5T.T0036.X005", "R5T.T0036.X005\R5T.T0036.X005.csproj", "{FACBB312-159B-430C-BA87-0F839217672E}"
EndProject
Project("{9A19103F-16F7-4668-BE54-9A1E7A4F7556}") = "R5T.T0034.X011", "..\..\R5T.T0034\source\R5T.T0034.X011\R5T.T0034.X011.csproj", "{4B49FF62-AD88-4282-B940-95E35B8B0EFC}"
EndProject
Project("{9A19103F-16F7-4668-BE54-9A1E7A4F7556}") = "R5T.T0036.X006", "R5T.T0036.X006\R5T.T0036.X006.csproj", "{001CE11D-67CA-4A7F-98C5-F04F3F4A3552}"
EndProject
Project("{9A19103F-16F7-4668-BE54-9A1E7A4F7556}") = "R5T.T0039.T002", "..\..\R5T.T0039\source\R5T.T0039.T002\R5T.T0039.T002.csproj", "{5E2793BD-ED56-48A9-B414-1B30769A88E1}"
EndProject
Project("{9A19103F-16F7-4668-BE54-9A1E7A4F7556}") = "R5T.Magyar", "..\..\R5T.Magyar\source\R5T.Magyar\R5T.Magyar.csproj", "{4685BED4-E07D-4777-B2C6-2B6F45232982}"
EndProject
Project("{9A19103F-16F7-4668-BE54-9A1E7A4F7556}") = "R5T.L0011.T001", "..\..\R5T.L0011\source\R5T.L0011.T001\R5T.L0011.T001.csproj", "{9C49BFC1-C78D-400F-A0EA-2E48B70731C7}"
EndProject
Project("{9A19103F-16F7-4668-BE54-9A1E7A4F7556}") = "R5T.L0011.X001", "..\..\R5T.L0011\source\R5T.L0011.X001\R5T.L0011.X001.csproj", "{90F94E9C-7AC5-4373-8994-9ACD02929DC7}"
EndProject
Project("{9A19103F-16F7-4668-BE54-9A1E7A4F7556}") = "R5T.Magyar.T002", "..\..\R5T.Magyar\source\R5T.Magyar.T002\R5T.Magyar.T002.csproj", "{645E5C6E-B55E-475B-9656-F204A7CCD9C4}"
EndProject
Project("{9A19103F-16F7-4668-BE54-9A1E7A4F7556}") = "R5T.T0034.X001", "..\..\R5T.T0034\source\R5T.T0034.X001\R5T.T0034.X001.csproj", "{B0039DDE-8DE1-4E7C-9B09-2FCE59C15283}"
EndProject
Project("{9A19103F-16F7-4668-BE54-9A1E7A4F7556}") = "R5T.T0034", "..\..\R5T.T0034\source\R5T.T0034\R5T.T0034.csproj", "{87B557E8-6E37-4BBA-9E0C-4F9FA9B171EA}"
EndProject
Project("{9A19103F-16F7-4668-BE54-9A1E7A4F7556}") = "R5T.L0011.T002.X001", "..\..\R5T.L0011\source\R5T.L0011.T002.X001\R5T.L0011.T002.X001.csproj", "{43EF6FF4-CF14-4014-8606-FC60E7C4938D}"
EndProject
Project("{9A19103F-16F7-4668-BE54-9A1E7A4F7556}") = "R5T.L0011.T002", "..\..\R5T.L0011\source\R5T.L0011.T002\R5T.L0011.T002.csproj", "{3E5D53BA-E35E-4962-A8FF-A1E01628D938}"
EndProject
Project("{9A19103F-16F7-4668-BE54-9A1E7A4F7556}") = "R5T.L0011.T003", "..\..\R5T.L0011\source\R5T.L0011.T003\R5T.L0011.T003.csproj", "{79CA445E-D181-4F65-973F-83E75C4C53DF}"
EndProject
Project("{9A19103F-16F7-4668-BE54-9A1E7A4F7556}") = "R5T.L0011.T004", "..\..\R5T.L0011\source\R5T.L0011.T004\R5T.L0011.T004.csproj", "{87408C81-581F-4384-80B8-F240E7130AF4}"
EndProject
Project("{9A19103F-16F7-4668-BE54-9A1E7A4F7556}") = "R5T.T0034.X009", "..\..\R5T.T0034\source\R5T.T0034.X009\R5T.T0034.X009.csproj", "{F0E5AEB2-17B1-4310-B6A2-C8919E394BD1}"
EndProject
Project("{9A19103F-16F7-4668-BE54-9A1E7A4F7556}") = "R5T.T0035.X003", "..\..\R5T.T0035\source\R5T.T0035.X003\R5T.T0035.X003.csproj", "{4B7C0571-7705-4BE2-A5BE-C6CAD0DE9144}"
EndProject
Project("{9A19103F-16F7-4668-BE54-9A1E7A4F7556}") = "R5T.T0035", "..\..\R5T.T0035\source\R5T.T0035\R5T.T0035.csproj", "{64902CD3-35F8-4C5B-8DAF-A4D1FCABA53A}"
EndProject
Project("{9A19103F-16F7-4668-BE54-9A1E7A4F7556}") = "R5T.T0034.X004", "..\..\R5T.T0034\source\R5T.T0034.X004\R5T.T0034.X004.csproj", "{F38E0E90-FF58-4C59-8622-080EF707B20C}"
EndProject
Project("{9A19103F-16F7-4668-BE54-9A1E7A4F7556}") = "R5T.B0000.X001", "..\..\R5T.B0000\source\R5T.B0000.X001\R5T.B0000.X001.csproj", "{EAFE01DC-35E1-4401-A3D4-283C988C0478}"
EndProject
Project("{9A19103F-16F7-4668-BE54-9A1E7A4F7556}") = "R5T.B0000", "..\..\R5T.B0000\source\R5T.B0000\R5T.B0000.csproj", "{35CF481F-E190-4C10-8144-9B1FFBAEC9C3}"
EndProject
Project("{9A19103F-16F7-4668-BE54-9A1E7A4F7556}") = "R5T.B0001.X001", "..\..\R5T.B0001\source\R5T.B0001.X001\R5T.B0001.X001.csproj", "{64E5ACF9-8A78-4003-912D-D179B13EC013}"
EndProject
Project("{9A19103F-16F7-4668-BE54-9A1E7A4F7556}") = "R5T.B0001", "..\..\R5T.B0001\source\R5T.B0001\R5T.B0001.csproj", "{58D7E4E9-38AA-43A6-8C01-902669D67308}"
EndProject
Project("{9A19103F-16F7-4668-BE54-9A1E7A4F7556}") = "R5T.L0011.T001.X000", "..\..\R5T.L0011\source\R5T.L0011.T001.X000\R5T.L0011.T001.X000.csproj", "{DAEE7975-F335-46C5-8E0F-6440126634E6}"
EndProject
Project("{9A19103F-16F7-4668-BE54-9A1E7A4F7556}") = "R5T.L0011.X000", "..\..\R5T.L0011\source\R5T.L0011.X000\R5T.L0011.X000.csproj", "{E20D353D-99CC-4E1E-9100-BB69E5E8C650}"
EndProject
Project("{9A19103F-16F7-4668-BE54-9A1E7A4F7556}") = "R5T.L0011.X001-1", "..\..\R5T.L0011\source\R5T.L0011.X001-1\R5T.L0011.X001-1.csproj", "{D651D597-F44E-4C0E-A132-F843F661D880}"
EndProject
Project("{9A19103F-16F7-4668-BE54-9A1E7A4F7556}") = "R5T.L0011.X005", "..\..\R5T.L0011\source\R5T.L0011.X005\R5T.L0011.X005.csproj", "{341CAF99-DD79-46E6-A4EC-0C0FDBAA4C23}"
EndProject
Project("{9A19103F-16F7-4668-BE54-9A1E7A4F7556}") = "R5T.T0034.T001.X001", "..\..\R5T.T0034\source\R5T.T0034.T001.X001\R5T.T0034.T001.X001.csproj", "{BD8F017C-BA3D-4F04-9AA2-23A5861F4D1F}"
EndProject
Project("{9A19103F-16F7-4668-BE54-9A1E7A4F7556}") = "R5T.T0034.T001.X002", "..\..\R5T.T0034\source\R5T.T0034.T001.X002\R5T.T0034.T001.X002.csproj", "{D212FB11-74F4-4F93-BCA0-E739B961DD2A}"
EndProject
Project("{9A19103F-16F7-4668-BE54-9A1E7A4F7556}") = "R5T.T0034.T001", "..\..\R5T.T0034\source\R5T.T0034.T001\R5T.T0034.T001.csproj", "{841232A9-3219-428D-BDD6-E4E722096AAF}"
EndProject
Project("{9A19103F-16F7-4668-BE54-9A1E7A4F7556}") = "R5T.T0045", "..\..\R5T.T0045\source\R5T.T0045\R5T.T0045.csproj", "{8978F24E-2DF5-456F-8880-188E90955306}"
EndProject
Project("{9A19103F-16F7-4668-BE54-9A1E7A4F7556}") = "R5T.T0060", "..\..\R5T.T0060\source\R5T.T0060\R5T.T0060.csproj", "{61D29466-6C2F-4A0B-896A-89C222725E07}"
EndProject
Project("{9A19103F-16F7-4668-BE54-9A1E7A4F7556}") = "R5T.T0131", "..\..\R5T.T0131\source\R5T.T0131\R5T.T0131.csproj", "{56E5EBF1-DE21-4EF6-9302-9BB97F482213}"
EndProject
Project("{9A19103F-16F7-4668-BE54-9A1E7A4F7556}") = "R5T.T0143", "..\..\R5T.T0143\source\R5T.T0143\R5T.T0143.csproj", "{CCF2A56D-51AB-46A2-A4FE-4DFA5BDB0022}"
EndProject
Project("{9A19103F-16F7-4668-BE54-9A1E7A4F7556}") = "R5T.T0156", "..\..\R5T.T0156\source\R5T.T0156\R5T.T0156.csproj", "{3A48AF1C-16B2-44F0-A0FD-F992CFBDB16E}"
EndProject
Project("{9A19103F-16F7-4668-BE54-9A1E7A4F7556}") = "R5T.Y0000", "..\..\R5T.Y0000\source\R5T.Y0000\R5T.Y0000.csproj", "{6BC2C8C3-ACDE-42F5-9B82-575C2E569427}"
EndProject
Project("{9A19103F-16F7-4668-BE54-9A1E7A4F7556}") = "R5T.Y0001", "..\..\R5T.Y0001\source\R5T.Y0001\R5T.Y0001.csproj", "{7BCDE471-B25E-4341-9DCC-2DD396EEA6F6}"
EndProject
Project("{9A19103F-16F7-4668-BE54-9A1E7A4F7556}") = "R5T.Z0000", "..\..\R5T.Z0000\source\R5T.Z0000\R5T.Z0000.csproj", "{4CA007A9-47BD-4AE3-AFEB-8FC57AD706DC}"
EndProject
Project("{9A19103F-16F7-4668-BE54-9A1E7A4F7556}") = "R5T.Z0001", "..\..\R5T.Z0001\source\R5T.Z0001\R5T.Z0001.csproj", "{AAB41F79-875B-4E03-82D6-C2491C917D16}"
EndProject
Global
	GlobalSection(NestedProjects) = preSolution
		{7D5ACAAF-A127-4052-9F89-435BE0028608} = {D3081BEE-2C97-4D14-A5B9-BB2119F9646C}
		{FFF33E29-AA53-482F-B50E-6B741993A21A} = {D3081BEE-2C97-4D14-A5B9-BB2119F9646C}
		{3AAC18BC-1D65-4AC6-A226-27EC09FB3F7D} = {D3081BEE-2C97-4D14-A5B9-BB2119F9646C}
		{4B49FF62-AD88-4282-B940-95E35B8B0EFC} = {D3081BEE-2C97-4D14-A5B9-BB2119F9646C}
		{5E2793BD-ED56-48A9-B414-1B30769A88E1} = {D3081BEE-2C97-4D14-A5B9-BB2119F9646C}
		{4685BED4-E07D-4777-B2C6-2B6F45232982} = {D3081BEE-2C97-4D14-A5B9-BB2119F9646C}
		{9C49BFC1-C78D-400F-A0EA-2E48B70731C7} = {D3081BEE-2C97-4D14-A5B9-BB2119F9646C}
		{90F94E9C-7AC5-4373-8994-9ACD02929DC7} = {D3081BEE-2C97-4D14-A5B9-BB2119F9646C}
		{645E5C6E-B55E-475B-9656-F204A7CCD9C4} = {D3081BEE-2C97-4D14-A5B9-BB2119F9646C}
		{B0039DDE-8DE1-4E7C-9B09-2FCE59C15283} = {D3081BEE-2C97-4D14-A5B9-BB2119F9646C}
		{87B557E8-6E37-4BBA-9E0C-4F9FA9B171EA} = {D3081BEE-2C97-4D14-A5B9-BB2119F9646C}
		{43EF6FF4-CF14-4014-8606-FC60E7C4938D} = {D3081BEE-2C97-4D14-A5B9-BB2119F9646C}
		{3E5D53BA-E35E-4962-A8FF-A1E01628D938} = {D3081BEE-2C97-4D14-A5B9-BB2119F9646C}
		{79CA445E-D181-4F65-973F-83E75C4C53DF} = {D3081BEE-2C97-4D14-A5B9-BB2119F9646C}
		{87408C81-581F-4384-80B8-F240E7130AF4} = {D3081BEE-2C97-4D14-A5B9-BB2119F9646C}
		{F0E5AEB2-17B1-4310-B6A2-C8919E394BD1} = {D3081BEE-2C97-4D14-A5B9-BB2119F9646C}
		{4B7C0571-7705-4BE2-A5BE-C6CAD0DE9144} = {D3081BEE-2C97-4D14-A5B9-BB2119F9646C}
		{64902CD3-35F8-4C5B-8DAF-A4D1FCABA53A} = {D3081BEE-2C97-4D14-A5B9-BB2119F9646C}
		{F38E0E90-FF58-4C59-8622-080EF707B20C} = {D3081BEE-2C97-4D14-A5B9-BB2119F9646C}
		{EAFE01DC-35E1-4401-A3D4-283C988C0478} = {D3081BEE-2C97-4D14-A5B9-BB2119F9646C}
		{35CF481F-E190-4C10-8144-9B1FFBAEC9C3} = {D3081BEE-2C97-4D14-A5B9-BB2119F9646C}
		{64E5ACF9-8A78-4003-912D-D179B13EC013} = {D3081BEE-2C97-4D14-A5B9-BB2119F9646C}
		{58D7E4E9-38AA-43A6-8C01-902669D67308} = {D3081BEE-2C97-4D14-A5B9-BB2119F9646C}
		{DAEE7975-F335-46C5-8E0F-6440126634E6} = {D3081BEE-2C97-4D14-A5B9-BB2119F9646C}
		{E20D353D-99CC-4E1E-9100-BB69E5E8C650} = {D3081BEE-2C97-4D14-A5B9-BB2119F9646C}
		{D651D597-F44E-4C0E-A132-F843F661D880} = {D3081BEE-2C97-4D14-A5B9-BB2119F9646C}
		{341CAF99-DD79-46E6-A4EC-0C0FDBAA4C23} = {D3081BEE-2C97-4D14-A5B9-BB2119F9646C}
		{BD8F017C-BA3D-4F04-9AA2-23A5861F4D1F} = {D3081BEE-2C97-4D14-A5B9-BB2119F9646C}
		{D212FB11-74F4-4F93-BCA0-E739B961DD2A} = {D3081BEE-2C97-4D14-A5B9-BB2119F9646C}
		{841232A9-3219-428D-BDD6-E4E722096AAF} = {D3081BEE-2C97-4D14-A5B9-BB2119F9646C}
		{8978F24E-2DF5-456F-8880-188E90955306} = {D3081BEE-2C97-4D14-A5B9-BB2119F9646C}
		{61D29466-6C2F-4A0B-896A-89C222725E07} = {D3081BEE-2C97-4D14-A5B9-BB2119F9646C}
		{56E5EBF1-DE21-4EF6-9302-9BB97F482213} = {D3081BEE-2C97-4D14-A5B9-BB2119F9646C}
		{CCF2A56D-51AB-46A2-A4FE-4DFA5BDB0022} = {D3081BEE-2C97-4D14-A5B9-BB2119F9646C}
		{3A48AF1C-16B2-44F0-A0FD-F992CFBDB16E} = {D3081BEE-2C97-4D14-A5B9-BB2119F9646C}
		{6BC2C8C3-ACDE-42F5-9B82-575C2E569427} = {D3081BEE-2C97-4D14-A5B9-BB2119F9646C}
		{7BCDE471-B25E-4341-9DCC-2DD396EEA6F6} = {D3081BEE-2C97-4D14-A5B9-BB2119F9646C}
		{4CA007A9-47BD-4AE3-AFEB-8FC57AD706DC} = {D3081BEE-2C97-4D14-A5B9-BB2119F9646C}
		{AAB41F79-875B-4E03-82D6-C2491C917D16} = {D3081BEE-2C97-4D14-A5B9-BB2119F9646C}
	EndGlobalSection
	GlobalSection(SolutionConfigurationPlatforms) = preSolution
		Debug|Any CPU = Debug|Any CPU
		Debug|x64 = Debug|x64
		Debug|x86 = Debug|x86
		Release|Any CPU = Release|Any CPU
		Release|x64 = Release|x64
		Release|x86 = Release|x86
	EndGlobalSection
	GlobalSection(ProjectConfigurationPlatforms) = postSolution
		{7730F9D1-7139-4C3B-8420-169AA16479C3}.Debug|Any CPU.ActiveCfg = Debug|Any CPU
		{7730F9D1-7139-4C3B-8420-169AA16479C3}.Debug|Any CPU.Build.0 = Debug|Any CPU
		{7730F9D1-7139-4C3B-8420-169AA16479C3}.Debug|x64.ActiveCfg = Debug|Any CPU
		{7730F9D1-7139-4C3B-8420-169AA16479C3}.Debug|x64.Build.0 = Debug|Any CPU
		{7730F9D1-7139-4C3B-8420-169AA16479C3}.Debug|x86.ActiveCfg = Debug|Any CPU
		{7730F9D1-7139-4C3B-8420-169AA16479C3}.Debug|x86.Build.0 = Debug|Any CPU
		{7730F9D1-7139-4C3B-8420-169AA16479C3}.Release|Any CPU.ActiveCfg = Release|Any CPU
		{7730F9D1-7139-4C3B-8420-169AA16479C3}.Release|Any CPU.Build.0 = Release|Any CPU
		{7730F9D1-7139-4C3B-8420-169AA16479C3}.Release|x64.ActiveCfg = Release|Any CPU
		{7730F9D1-7139-4C3B-8420-169AA16479C3}.Release|x64.Build.0 = Release|Any CPU
		{7730F9D1-7139-4C3B-8420-169AA16479C3}.Release|x86.ActiveCfg = Release|Any CPU
		{7730F9D1-7139-4C3B-8420-169AA16479C3}.Release|x86.Build.0 = Release|Any CPU
		{776B08CB-FE83-40F0-8B5B-AF503E727404}.Debug|Any CPU.ActiveCfg = Debug|Any CPU
		{776B08CB-FE83-40F0-8B5B-AF503E727404}.Debug|Any CPU.Build.0 = Debug|Any CPU
		{776B08CB-FE83-40F0-8B5B-AF503E727404}.Debug|x64.ActiveCfg = Debug|Any CPU
		{776B08CB-FE83-40F0-8B5B-AF503E727404}.Debug|x64.Build.0 = Debug|Any CPU
		{776B08CB-FE83-40F0-8B5B-AF503E727404}.Debug|x86.ActiveCfg = Debug|Any CPU
		{776B08CB-FE83-40F0-8B5B-AF503E727404}.Debug|x86.Build.0 = Debug|Any CPU
		{776B08CB-FE83-40F0-8B5B-AF503E727404}.Release|Any CPU.ActiveCfg = Release|Any CPU
		{776B08CB-FE83-40F0-8B5B-AF503E727404}.Release|Any CPU.Build.0 = Release|Any CPU
		{776B08CB-FE83-40F0-8B5B-AF503E727404}.Release|x64.ActiveCfg = Release|Any CPU
		{776B08CB-FE83-40F0-8B5B-AF503E727404}.Release|x64.Build.0 = Release|Any CPU
		{776B08CB-FE83-40F0-8B5B-AF503E727404}.Release|x86.ActiveCfg = Release|Any CPU
		{776B08CB-FE83-40F0-8B5B-AF503E727404}.Release|x86.Build.0 = Release|Any CPU
		{2B665699-E93E-404A-B1B5-BA2145712E67}.Debug|Any CPU.ActiveCfg = Debug|Any CPU
		{2B665699-E93E-404A-B1B5-BA2145712E67}.Debug|Any CPU.Build.0 = Debug|Any CPU
		{2B665699-E93E-404A-B1B5-BA2145712E67}.Debug|x64.ActiveCfg = Debug|Any CPU
		{2B665699-E93E-404A-B1B5-BA2145712E67}.Debug|x64.Build.0 = Debug|Any CPU
		{2B665699-E93E-404A-B1B5-BA2145712E67}.Debug|x86.ActiveCfg = Debug|Any CPU
		{2B665699-E93E-404A-B1B5-BA2145712E67}.Debug|x86.Build.0 = Debug|Any CPU
		{2B665699-E93E-404A-B1B5-BA2145712E67}.Release|Any CPU.ActiveCfg = Release|Any CPU
		{2B665699-E93E-404A-B1B5-BA2145712E67}.Release|Any CPU.Build.0 = Release|Any CPU
		{2B665699-E93E-404A-B1B5-BA2145712E67}.Release|x64.ActiveCfg = Release|Any CPU
		{2B665699-E93E-404A-B1B5-BA2145712E67}.Release|x64.Build.0 = Release|Any CPU
		{2B665699-E93E-404A-B1B5-BA2145712E67}.Release|x86.ActiveCfg = Release|Any CPU
		{2B665699-E93E-404A-B1B5-BA2145712E67}.Release|x86.Build.0 = Release|Any CPU
		{07C74F55-DF68-4773-9737-A17C01DBDA73}.Debug|Any CPU.ActiveCfg = Debug|Any CPU
		{07C74F55-DF68-4773-9737-A17C01DBDA73}.Debug|Any CPU.Build.0 = Debug|Any CPU
		{07C74F55-DF68-4773-9737-A17C01DBDA73}.Debug|x64.ActiveCfg = Debug|Any CPU
		{07C74F55-DF68-4773-9737-A17C01DBDA73}.Debug|x64.Build.0 = Debug|Any CPU
		{07C74F55-DF68-4773-9737-A17C01DBDA73}.Debug|x86.ActiveCfg = Debug|Any CPU
		{07C74F55-DF68-4773-9737-A17C01DBDA73}.Debug|x86.Build.0 = Debug|Any CPU
		{07C74F55-DF68-4773-9737-A17C01DBDA73}.Release|Any CPU.ActiveCfg = Release|Any CPU
		{07C74F55-DF68-4773-9737-A17C01DBDA73}.Release|Any CPU.Build.0 = Release|Any CPU
		{07C74F55-DF68-4773-9737-A17C01DBDA73}.Release|x64.ActiveCfg = Release|Any CPU
		{07C74F55-DF68-4773-9737-A17C01DBDA73}.Release|x64.Build.0 = Release|Any CPU
		{07C74F55-DF68-4773-9737-A17C01DBDA73}.Release|x86.ActiveCfg = Release|Any CPU
		{07C74F55-DF68-4773-9737-A17C01DBDA73}.Release|x86.Build.0 = Release|Any CPU
		{8336A04C-ED85-49B5-84F3-5944E72DA8BC}.Debug|Any CPU.ActiveCfg = Debug|Any CPU
		{8336A04C-ED85-49B5-84F3-5944E72DA8BC}.Debug|Any CPU.Build.0 = Debug|Any CPU
		{8336A04C-ED85-49B5-84F3-5944E72DA8BC}.Debug|x64.ActiveCfg = Debug|Any CPU
		{8336A04C-ED85-49B5-84F3-5944E72DA8BC}.Debug|x64.Build.0 = Debug|Any CPU
		{8336A04C-ED85-49B5-84F3-5944E72DA8BC}.Debug|x86.ActiveCfg = Debug|Any CPU
		{8336A04C-ED85-49B5-84F3-5944E72DA8BC}.Debug|x86.Build.0 = Debug|Any CPU
		{8336A04C-ED85-49B5-84F3-5944E72DA8BC}.Release|Any CPU.ActiveCfg = Release|Any CPU
		{8336A04C-ED85-49B5-84F3-5944E72DA8BC}.Release|Any CPU.Build.0 = Release|Any CPU
		{8336A04C-ED85-49B5-84F3-5944E72DA8BC}.Release|x64.ActiveCfg = Release|Any CPU
		{8336A04C-ED85-49B5-84F3-5944E72DA8BC}.Release|x64.Build.0 = Release|Any CPU
		{8336A04C-ED85-49B5-84F3-5944E72DA8BC}.Release|x86.ActiveCfg = Release|Any CPU
		{8336A04C-ED85-49B5-84F3-5944E72DA8BC}.Release|x86.Build.0 = Release|Any CPU
		{7D5ACAAF-A127-4052-9F89-435BE0028608}.Debug|Any CPU.ActiveCfg = Debug|Any CPU
		{7D5ACAAF-A127-4052-9F89-435BE0028608}.Debug|Any CPU.Build.0 = Debug|Any CPU
		{7D5ACAAF-A127-4052-9F89-435BE0028608}.Debug|x64.ActiveCfg = Debug|Any CPU
		{7D5ACAAF-A127-4052-9F89-435BE0028608}.Debug|x64.Build.0 = Debug|Any CPU
		{7D5ACAAF-A127-4052-9F89-435BE0028608}.Debug|x86.ActiveCfg = Debug|Any CPU
		{7D5ACAAF-A127-4052-9F89-435BE0028608}.Debug|x86.Build.0 = Debug|Any CPU
		{7D5ACAAF-A127-4052-9F89-435BE0028608}.Release|Any CPU.ActiveCfg = Release|Any CPU
		{7D5ACAAF-A127-4052-9F89-435BE0028608}.Release|Any CPU.Build.0 = Release|Any CPU
		{7D5ACAAF-A127-4052-9F89-435BE0028608}.Release|x64.ActiveCfg = Release|Any CPU
		{7D5ACAAF-A127-4052-9F89-435BE0028608}.Release|x64.Build.0 = Release|Any CPU
		{7D5ACAAF-A127-4052-9F89-435BE0028608}.Release|x86.ActiveCfg = Release|Any CPU
		{7D5ACAAF-A127-4052-9F89-435BE0028608}.Release|x86.Build.0 = Release|Any CPU
		{E734F7B8-FCEF-4EAC-A5BA-1F4C047CE553}.Debug|Any CPU.ActiveCfg = Debug|Any CPU
		{E734F7B8-FCEF-4EAC-A5BA-1F4C047CE553}.Debug|Any CPU.Build.0 = Debug|Any CPU
		{E734F7B8-FCEF-4EAC-A5BA-1F4C047CE553}.Debug|x64.ActiveCfg = Debug|Any CPU
		{E734F7B8-FCEF-4EAC-A5BA-1F4C047CE553}.Debug|x64.Build.0 = Debug|Any CPU
		{E734F7B8-FCEF-4EAC-A5BA-1F4C047CE553}.Debug|x86.ActiveCfg = Debug|Any CPU
		{E734F7B8-FCEF-4EAC-A5BA-1F4C047CE553}.Debug|x86.Build.0 = Debug|Any CPU
		{E734F7B8-FCEF-4EAC-A5BA-1F4C047CE553}.Release|Any CPU.ActiveCfg = Release|Any CPU
		{E734F7B8-FCEF-4EAC-A5BA-1F4C047CE553}.Release|Any CPU.Build.0 = Release|Any CPU
		{E734F7B8-FCEF-4EAC-A5BA-1F4C047CE553}.Release|x64.ActiveCfg = Release|Any CPU
		{E734F7B8-FCEF-4EAC-A5BA-1F4C047CE553}.Release|x64.Build.0 = Release|Any CPU
		{E734F7B8-FCEF-4EAC-A5BA-1F4C047CE553}.Release|x86.ActiveCfg = Release|Any CPU
		{E734F7B8-FCEF-4EAC-A5BA-1F4C047CE553}.Release|x86.Build.0 = Release|Any CPU
		{FFF33E29-AA53-482F-B50E-6B741993A21A}.Debug|Any CPU.ActiveCfg = Debug|Any CPU
		{FFF33E29-AA53-482F-B50E-6B741993A21A}.Debug|Any CPU.Build.0 = Debug|Any CPU
		{FFF33E29-AA53-482F-B50E-6B741993A21A}.Debug|x64.ActiveCfg = Debug|Any CPU
		{FFF33E29-AA53-482F-B50E-6B741993A21A}.Debug|x64.Build.0 = Debug|Any CPU
		{FFF33E29-AA53-482F-B50E-6B741993A21A}.Debug|x86.ActiveCfg = Debug|Any CPU
		{FFF33E29-AA53-482F-B50E-6B741993A21A}.Debug|x86.Build.0 = Debug|Any CPU
		{FFF33E29-AA53-482F-B50E-6B741993A21A}.Release|Any CPU.ActiveCfg = Release|Any CPU
		{FFF33E29-AA53-482F-B50E-6B741993A21A}.Release|Any CPU.Build.0 = Release|Any CPU
		{FFF33E29-AA53-482F-B50E-6B741993A21A}.Release|x64.ActiveCfg = Release|Any CPU
		{FFF33E29-AA53-482F-B50E-6B741993A21A}.Release|x64.Build.0 = Release|Any CPU
		{FFF33E29-AA53-482F-B50E-6B741993A21A}.Release|x86.ActiveCfg = Release|Any CPU
		{FFF33E29-AA53-482F-B50E-6B741993A21A}.Release|x86.Build.0 = Release|Any CPU
		{3AAC18BC-1D65-4AC6-A226-27EC09FB3F7D}.Debug|Any CPU.ActiveCfg = Debug|Any CPU
		{3AAC18BC-1D65-4AC6-A226-27EC09FB3F7D}.Debug|Any CPU.Build.0 = Debug|Any CPU
		{3AAC18BC-1D65-4AC6-A226-27EC09FB3F7D}.Debug|x64.ActiveCfg = Debug|Any CPU
		{3AAC18BC-1D65-4AC6-A226-27EC09FB3F7D}.Debug|x64.Build.0 = Debug|Any CPU
		{3AAC18BC-1D65-4AC6-A226-27EC09FB3F7D}.Debug|x86.ActiveCfg = Debug|Any CPU
		{3AAC18BC-1D65-4AC6-A226-27EC09FB3F7D}.Debug|x86.Build.0 = Debug|Any CPU
		{3AAC18BC-1D65-4AC6-A226-27EC09FB3F7D}.Release|Any CPU.ActiveCfg = Release|Any CPU
		{3AAC18BC-1D65-4AC6-A226-27EC09FB3F7D}.Release|Any CPU.Build.0 = Release|Any CPU
		{3AAC18BC-1D65-4AC6-A226-27EC09FB3F7D}.Release|x64.ActiveCfg = Release|Any CPU
		{3AAC18BC-1D65-4AC6-A226-27EC09FB3F7D}.Release|x64.Build.0 = Release|Any CPU
		{3AAC18BC-1D65-4AC6-A226-27EC09FB3F7D}.Release|x86.ActiveCfg = Release|Any CPU
		{3AAC18BC-1D65-4AC6-A226-27EC09FB3F7D}.Release|x86.Build.0 = Release|Any CPU
		{FACBB312-159B-430C-BA87-0F839217672E}.Debug|Any CPU.ActiveCfg = Debug|Any CPU
		{FACBB312-159B-430C-BA87-0F839217672E}.Debug|Any CPU.Build.0 = Debug|Any CPU
		{FACBB312-159B-430C-BA87-0F839217672E}.Debug|x64.ActiveCfg = Debug|Any CPU
		{FACBB312-159B-430C-BA87-0F839217672E}.Debug|x64.Build.0 = Debug|Any CPU
		{FACBB312-159B-430C-BA87-0F839217672E}.Debug|x86.ActiveCfg = Debug|Any CPU
		{FACBB312-159B-430C-BA87-0F839217672E}.Debug|x86.Build.0 = Debug|Any CPU
		{FACBB312-159B-430C-BA87-0F839217672E}.Release|Any CPU.ActiveCfg = Release|Any CPU
		{FACBB312-159B-430C-BA87-0F839217672E}.Release|Any CPU.Build.0 = Release|Any CPU
		{FACBB312-159B-430C-BA87-0F839217672E}.Release|x64.ActiveCfg = Release|Any CPU
		{FACBB312-159B-430C-BA87-0F839217672E}.Release|x64.Build.0 = Release|Any CPU
		{FACBB312-159B-430C-BA87-0F839217672E}.Release|x86.ActiveCfg = Release|Any CPU
		{FACBB312-159B-430C-BA87-0F839217672E}.Release|x86.Build.0 = Release|Any CPU
		{4B49FF62-AD88-4282-B940-95E35B8B0EFC}.Debug|Any CPU.ActiveCfg = Debug|Any CPU
		{4B49FF62-AD88-4282-B940-95E35B8B0EFC}.Debug|Any CPU.Build.0 = Debug|Any CPU
		{4B49FF62-AD88-4282-B940-95E35B8B0EFC}.Debug|x64.ActiveCfg = Debug|Any CPU
		{4B49FF62-AD88-4282-B940-95E35B8B0EFC}.Debug|x64.Build.0 = Debug|Any CPU
		{4B49FF62-AD88-4282-B940-95E35B8B0EFC}.Debug|x86.ActiveCfg = Debug|Any CPU
		{4B49FF62-AD88-4282-B940-95E35B8B0EFC}.Debug|x86.Build.0 = Debug|Any CPU
		{4B49FF62-AD88-4282-B940-95E35B8B0EFC}.Release|Any CPU.ActiveCfg = Release|Any CPU
		{4B49FF62-AD88-4282-B940-95E35B8B0EFC}.Release|Any CPU.Build.0 = Release|Any CPU
		{4B49FF62-AD88-4282-B940-95E35B8B0EFC}.Release|x64.ActiveCfg = Release|Any CPU
		{4B49FF62-AD88-4282-B940-95E35B8B0EFC}.Release|x64.Build.0 = Release|Any CPU
		{4B49FF62-AD88-4282-B940-95E35B8B0EFC}.Release|x86.ActiveCfg = Release|Any CPU
		{4B49FF62-AD88-4282-B940-95E35B8B0EFC}.Release|x86.Build.0 = Release|Any CPU
		{001CE11D-67CA-4A7F-98C5-F04F3F4A3552}.Debug|Any CPU.ActiveCfg = Debug|Any CPU
		{001CE11D-67CA-4A7F-98C5-F04F3F4A3552}.Debug|Any CPU.Build.0 = Debug|Any CPU
		{001CE11D-67CA-4A7F-98C5-F04F3F4A3552}.Debug|x64.ActiveCfg = Debug|Any CPU
		{001CE11D-67CA-4A7F-98C5-F04F3F4A3552}.Debug|x64.Build.0 = Debug|Any CPU
		{001CE11D-67CA-4A7F-98C5-F04F3F4A3552}.Debug|x86.ActiveCfg = Debug|Any CPU
		{001CE11D-67CA-4A7F-98C5-F04F3F4A3552}.Debug|x86.Build.0 = Debug|Any CPU
		{001CE11D-67CA-4A7F-98C5-F04F3F4A3552}.Release|Any CPU.ActiveCfg = Release|Any CPU
		{001CE11D-67CA-4A7F-98C5-F04F3F4A3552}.Release|Any CPU.Build.0 = Release|Any CPU
		{001CE11D-67CA-4A7F-98C5-F04F3F4A3552}.Release|x64.ActiveCfg = Release|Any CPU
		{001CE11D-67CA-4A7F-98C5-F04F3F4A3552}.Release|x64.Build.0 = Release|Any CPU
		{001CE11D-67CA-4A7F-98C5-F04F3F4A3552}.Release|x86.ActiveCfg = Release|Any CPU
		{001CE11D-67CA-4A7F-98C5-F04F3F4A3552}.Release|x86.Build.0 = Release|Any CPU
		{5E2793BD-ED56-48A9-B414-1B30769A88E1}.Debug|Any CPU.ActiveCfg = Debug|Any CPU
		{5E2793BD-ED56-48A9-B414-1B30769A88E1}.Debug|Any CPU.Build.0 = Debug|Any CPU
		{5E2793BD-ED56-48A9-B414-1B30769A88E1}.Debug|x64.ActiveCfg = Debug|Any CPU
		{5E2793BD-ED56-48A9-B414-1B30769A88E1}.Debug|x64.Build.0 = Debug|Any CPU
		{5E2793BD-ED56-48A9-B414-1B30769A88E1}.Debug|x86.ActiveCfg = Debug|Any CPU
		{5E2793BD-ED56-48A9-B414-1B30769A88E1}.Debug|x86.Build.0 = Debug|Any CPU
		{5E2793BD-ED56-48A9-B414-1B30769A88E1}.Release|Any CPU.ActiveCfg = Release|Any CPU
		{5E2793BD-ED56-48A9-B414-1B30769A88E1}.Release|Any CPU.Build.0 = Release|Any CPU
		{5E2793BD-ED56-48A9-B414-1B30769A88E1}.Release|x64.ActiveCfg = Release|Any CPU
		{5E2793BD-ED56-48A9-B414-1B30769A88E1}.Release|x64.Build.0 = Release|Any CPU
		{5E2793BD-ED56-48A9-B414-1B30769A88E1}.Release|x86.ActiveCfg = Release|Any CPU
		{5E2793BD-ED56-48A9-B414-1B30769A88E1}.Release|x86.Build.0 = Release|Any CPU
		{4685BED4-E07D-4777-B2C6-2B6F45232982}.Debug|Any CPU.ActiveCfg = Debug|Any CPU
		{4685BED4-E07D-4777-B2C6-2B6F45232982}.Debug|Any CPU.Build.0 = Debug|Any CPU
		{4685BED4-E07D-4777-B2C6-2B6F45232982}.Debug|x64.ActiveCfg = Debug|Any CPU
		{4685BED4-E07D-4777-B2C6-2B6F45232982}.Debug|x64.Build.0 = Debug|Any CPU
		{4685BED4-E07D-4777-B2C6-2B6F45232982}.Debug|x86.ActiveCfg = Debug|Any CPU
		{4685BED4-E07D-4777-B2C6-2B6F45232982}.Debug|x86.Build.0 = Debug|Any CPU
		{4685BED4-E07D-4777-B2C6-2B6F45232982}.Release|Any CPU.ActiveCfg = Release|Any CPU
		{4685BED4-E07D-4777-B2C6-2B6F45232982}.Release|Any CPU.Build.0 = Release|Any CPU
		{4685BED4-E07D-4777-B2C6-2B6F45232982}.Release|x64.ActiveCfg = Release|Any CPU
		{4685BED4-E07D-4777-B2C6-2B6F45232982}.Release|x64.Build.0 = Release|Any CPU
		{4685BED4-E07D-4777-B2C6-2B6F45232982}.Release|x86.ActiveCfg = Release|Any CPU
		{4685BED4-E07D-4777-B2C6-2B6F45232982}.Release|x86.Build.0 = Release|Any CPU
		{9C49BFC1-C78D-400F-A0EA-2E48B70731C7}.Debug|Any CPU.ActiveCfg = Debug|Any CPU
		{9C49BFC1-C78D-400F-A0EA-2E48B70731C7}.Debug|Any CPU.Build.0 = Debug|Any CPU
		{9C49BFC1-C78D-400F-A0EA-2E48B70731C7}.Debug|x64.ActiveCfg = Debug|Any CPU
		{9C49BFC1-C78D-400F-A0EA-2E48B70731C7}.Debug|x64.Build.0 = Debug|Any CPU
		{9C49BFC1-C78D-400F-A0EA-2E48B70731C7}.Debug|x86.ActiveCfg = Debug|Any CPU
		{9C49BFC1-C78D-400F-A0EA-2E48B70731C7}.Debug|x86.Build.0 = Debug|Any CPU
		{9C49BFC1-C78D-400F-A0EA-2E48B70731C7}.Release|Any CPU.ActiveCfg = Release|Any CPU
		{9C49BFC1-C78D-400F-A0EA-2E48B70731C7}.Release|Any CPU.Build.0 = Release|Any CPU
		{9C49BFC1-C78D-400F-A0EA-2E48B70731C7}.Release|x64.ActiveCfg = Release|Any CPU
		{9C49BFC1-C78D-400F-A0EA-2E48B70731C7}.Release|x64.Build.0 = Release|Any CPU
		{9C49BFC1-C78D-400F-A0EA-2E48B70731C7}.Release|x86.ActiveCfg = Release|Any CPU
		{9C49BFC1-C78D-400F-A0EA-2E48B70731C7}.Release|x86.Build.0 = Release|Any CPU
		{90F94E9C-7AC5-4373-8994-9ACD02929DC7}.Debug|Any CPU.ActiveCfg = Debug|Any CPU
		{90F94E9C-7AC5-4373-8994-9ACD02929DC7}.Debug|Any CPU.Build.0 = Debug|Any CPU
		{90F94E9C-7AC5-4373-8994-9ACD02929DC7}.Debug|x64.ActiveCfg = Debug|Any CPU
		{90F94E9C-7AC5-4373-8994-9ACD02929DC7}.Debug|x64.Build.0 = Debug|Any CPU
		{90F94E9C-7AC5-4373-8994-9ACD02929DC7}.Debug|x86.ActiveCfg = Debug|Any CPU
		{90F94E9C-7AC5-4373-8994-9ACD02929DC7}.Debug|x86.Build.0 = Debug|Any CPU
		{90F94E9C-7AC5-4373-8994-9ACD02929DC7}.Release|Any CPU.ActiveCfg = Release|Any CPU
		{90F94E9C-7AC5-4373-8994-9ACD02929DC7}.Release|Any CPU.Build.0 = Release|Any CPU
		{90F94E9C-7AC5-4373-8994-9ACD02929DC7}.Release|x64.ActiveCfg = Release|Any CPU
		{90F94E9C-7AC5-4373-8994-9ACD02929DC7}.Release|x64.Build.0 = Release|Any CPU
		{90F94E9C-7AC5-4373-8994-9ACD02929DC7}.Release|x86.ActiveCfg = Release|Any CPU
		{90F94E9C-7AC5-4373-8994-9ACD02929DC7}.Release|x86.Build.0 = Release|Any CPU
		{645E5C6E-B55E-475B-9656-F204A7CCD9C4}.Debug|Any CPU.ActiveCfg = Debug|Any CPU
		{645E5C6E-B55E-475B-9656-F204A7CCD9C4}.Debug|Any CPU.Build.0 = Debug|Any CPU
		{645E5C6E-B55E-475B-9656-F204A7CCD9C4}.Debug|x64.ActiveCfg = Debug|Any CPU
		{645E5C6E-B55E-475B-9656-F204A7CCD9C4}.Debug|x64.Build.0 = Debug|Any CPU
		{645E5C6E-B55E-475B-9656-F204A7CCD9C4}.Debug|x86.ActiveCfg = Debug|Any CPU
		{645E5C6E-B55E-475B-9656-F204A7CCD9C4}.Debug|x86.Build.0 = Debug|Any CPU
		{645E5C6E-B55E-475B-9656-F204A7CCD9C4}.Release|Any CPU.ActiveCfg = Release|Any CPU
		{645E5C6E-B55E-475B-9656-F204A7CCD9C4}.Release|Any CPU.Build.0 = Release|Any CPU
		{645E5C6E-B55E-475B-9656-F204A7CCD9C4}.Release|x64.ActiveCfg = Release|Any CPU
		{645E5C6E-B55E-475B-9656-F204A7CCD9C4}.Release|x64.Build.0 = Release|Any CPU
		{645E5C6E-B55E-475B-9656-F204A7CCD9C4}.Release|x86.ActiveCfg = Release|Any CPU
		{645E5C6E-B55E-475B-9656-F204A7CCD9C4}.Release|x86.Build.0 = Release|Any CPU
		{B0039DDE-8DE1-4E7C-9B09-2FCE59C15283}.Debug|Any CPU.ActiveCfg = Debug|Any CPU
		{B0039DDE-8DE1-4E7C-9B09-2FCE59C15283}.Debug|Any CPU.Build.0 = Debug|Any CPU
		{B0039DDE-8DE1-4E7C-9B09-2FCE59C15283}.Debug|x64.ActiveCfg = Debug|Any CPU
		{B0039DDE-8DE1-4E7C-9B09-2FCE59C15283}.Debug|x64.Build.0 = Debug|Any CPU
		{B0039DDE-8DE1-4E7C-9B09-2FCE59C15283}.Debug|x86.ActiveCfg = Debug|Any CPU
		{B0039DDE-8DE1-4E7C-9B09-2FCE59C15283}.Debug|x86.Build.0 = Debug|Any CPU
		{B0039DDE-8DE1-4E7C-9B09-2FCE59C15283}.Release|Any CPU.ActiveCfg = Release|Any CPU
		{B0039DDE-8DE1-4E7C-9B09-2FCE59C15283}.Release|Any CPU.Build.0 = Release|Any CPU
		{B0039DDE-8DE1-4E7C-9B09-2FCE59C15283}.Release|x64.ActiveCfg = Release|Any CPU
		{B0039DDE-8DE1-4E7C-9B09-2FCE59C15283}.Release|x64.Build.0 = Release|Any CPU
		{B0039DDE-8DE1-4E7C-9B09-2FCE59C15283}.Release|x86.ActiveCfg = Release|Any CPU
		{B0039DDE-8DE1-4E7C-9B09-2FCE59C15283}.Release|x86.Build.0 = Release|Any CPU
		{87B557E8-6E37-4BBA-9E0C-4F9FA9B171EA}.Debug|Any CPU.ActiveCfg = Debug|Any CPU
		{87B557E8-6E37-4BBA-9E0C-4F9FA9B171EA}.Debug|Any CPU.Build.0 = Debug|Any CPU
		{87B557E8-6E37-4BBA-9E0C-4F9FA9B171EA}.Debug|x64.ActiveCfg = Debug|Any CPU
		{87B557E8-6E37-4BBA-9E0C-4F9FA9B171EA}.Debug|x64.Build.0 = Debug|Any CPU
		{87B557E8-6E37-4BBA-9E0C-4F9FA9B171EA}.Debug|x86.ActiveCfg = Debug|Any CPU
		{87B557E8-6E37-4BBA-9E0C-4F9FA9B171EA}.Debug|x86.Build.0 = Debug|Any CPU
		{87B557E8-6E37-4BBA-9E0C-4F9FA9B171EA}.Release|Any CPU.ActiveCfg = Release|Any CPU
		{87B557E8-6E37-4BBA-9E0C-4F9FA9B171EA}.Release|Any CPU.Build.0 = Release|Any CPU
		{87B557E8-6E37-4BBA-9E0C-4F9FA9B171EA}.Release|x64.ActiveCfg = Release|Any CPU
		{87B557E8-6E37-4BBA-9E0C-4F9FA9B171EA}.Release|x64.Build.0 = Release|Any CPU
		{87B557E8-6E37-4BBA-9E0C-4F9FA9B171EA}.Release|x86.ActiveCfg = Release|Any CPU
		{87B557E8-6E37-4BBA-9E0C-4F9FA9B171EA}.Release|x86.Build.0 = Release|Any CPU
		{43EF6FF4-CF14-4014-8606-FC60E7C4938D}.Debug|Any CPU.ActiveCfg = Debug|Any CPU
		{43EF6FF4-CF14-4014-8606-FC60E7C4938D}.Debug|Any CPU.Build.0 = Debug|Any CPU
		{43EF6FF4-CF14-4014-8606-FC60E7C4938D}.Debug|x64.ActiveCfg = Debug|Any CPU
		{43EF6FF4-CF14-4014-8606-FC60E7C4938D}.Debug|x64.Build.0 = Debug|Any CPU
		{43EF6FF4-CF14-4014-8606-FC60E7C4938D}.Debug|x86.ActiveCfg = Debug|Any CPU
		{43EF6FF4-CF14-4014-8606-FC60E7C4938D}.Debug|x86.Build.0 = Debug|Any CPU
		{43EF6FF4-CF14-4014-8606-FC60E7C4938D}.Release|Any CPU.ActiveCfg = Release|Any CPU
		{43EF6FF4-CF14-4014-8606-FC60E7C4938D}.Release|Any CPU.Build.0 = Release|Any CPU
		{43EF6FF4-CF14-4014-8606-FC60E7C4938D}.Release|x64.ActiveCfg = Release|Any CPU
		{43EF6FF4-CF14-4014-8606-FC60E7C4938D}.Release|x64.Build.0 = Release|Any CPU
		{43EF6FF4-CF14-4014-8606-FC60E7C4938D}.Release|x86.ActiveCfg = Release|Any CPU
		{43EF6FF4-CF14-4014-8606-FC60E7C4938D}.Release|x86.Build.0 = Release|Any CPU
		{3E5D53BA-E35E-4962-A8FF-A1E01628D938}.Debug|Any CPU.ActiveCfg = Debug|Any CPU
		{3E5D53BA-E35E-4962-A8FF-A1E01628D938}.Debug|Any CPU.Build.0 = Debug|Any CPU
		{3E5D53BA-E35E-4962-A8FF-A1E01628D938}.Debug|x64.ActiveCfg = Debug|Any CPU
		{3E5D53BA-E35E-4962-A8FF-A1E01628D938}.Debug|x64.Build.0 = Debug|Any CPU
		{3E5D53BA-E35E-4962-A8FF-A1E01628D938}.Debug|x86.ActiveCfg = Debug|Any CPU
		{3E5D53BA-E35E-4962-A8FF-A1E01628D938}.Debug|x86.Build.0 = Debug|Any CPU
		{3E5D53BA-E35E-4962-A8FF-A1E01628D938}.Release|Any CPU.ActiveCfg = Release|Any CPU
		{3E5D53BA-E35E-4962-A8FF-A1E01628D938}.Release|Any CPU.Build.0 = Release|Any CPU
		{3E5D53BA-E35E-4962-A8FF-A1E01628D938}.Release|x64.ActiveCfg = Release|Any CPU
		{3E5D53BA-E35E-4962-A8FF-A1E01628D938}.Release|x64.Build.0 = Release|Any CPU
		{3E5D53BA-E35E-4962-A8FF-A1E01628D938}.Release|x86.ActiveCfg = Release|Any CPU
		{3E5D53BA-E35E-4962-A8FF-A1E01628D938}.Release|x86.Build.0 = Release|Any CPU
		{79CA445E-D181-4F65-973F-83E75C4C53DF}.Debug|Any CPU.ActiveCfg = Debug|Any CPU
		{79CA445E-D181-4F65-973F-83E75C4C53DF}.Debug|Any CPU.Build.0 = Debug|Any CPU
		{79CA445E-D181-4F65-973F-83E75C4C53DF}.Debug|x64.ActiveCfg = Debug|Any CPU
		{79CA445E-D181-4F65-973F-83E75C4C53DF}.Debug|x64.Build.0 = Debug|Any CPU
		{79CA445E-D181-4F65-973F-83E75C4C53DF}.Debug|x86.ActiveCfg = Debug|Any CPU
		{79CA445E-D181-4F65-973F-83E75C4C53DF}.Debug|x86.Build.0 = Debug|Any CPU
		{79CA445E-D181-4F65-973F-83E75C4C53DF}.Release|Any CPU.ActiveCfg = Release|Any CPU
		{79CA445E-D181-4F65-973F-83E75C4C53DF}.Release|Any CPU.Build.0 = Release|Any CPU
		{79CA445E-D181-4F65-973F-83E75C4C53DF}.Release|x64.ActiveCfg = Release|Any CPU
		{79CA445E-D181-4F65-973F-83E75C4C53DF}.Release|x64.Build.0 = Release|Any CPU
		{79CA445E-D181-4F65-973F-83E75C4C53DF}.Release|x86.ActiveCfg = Release|Any CPU
		{79CA445E-D181-4F65-973F-83E75C4C53DF}.Release|x86.Build.0 = Release|Any CPU
		{87408C81-581F-4384-80B8-F240E7130AF4}.Debug|Any CPU.ActiveCfg = Debug|Any CPU
		{87408C81-581F-4384-80B8-F240E7130AF4}.Debug|Any CPU.Build.0 = Debug|Any CPU
		{87408C81-581F-4384-80B8-F240E7130AF4}.Debug|x64.ActiveCfg = Debug|Any CPU
		{87408C81-581F-4384-80B8-F240E7130AF4}.Debug|x64.Build.0 = Debug|Any CPU
		{87408C81-581F-4384-80B8-F240E7130AF4}.Debug|x86.ActiveCfg = Debug|Any CPU
		{87408C81-581F-4384-80B8-F240E7130AF4}.Debug|x86.Build.0 = Debug|Any CPU
		{87408C81-581F-4384-80B8-F240E7130AF4}.Release|Any CPU.ActiveCfg = Release|Any CPU
		{87408C81-581F-4384-80B8-F240E7130AF4}.Release|Any CPU.Build.0 = Release|Any CPU
		{87408C81-581F-4384-80B8-F240E7130AF4}.Release|x64.ActiveCfg = Release|Any CPU
		{87408C81-581F-4384-80B8-F240E7130AF4}.Release|x64.Build.0 = Release|Any CPU
		{87408C81-581F-4384-80B8-F240E7130AF4}.Release|x86.ActiveCfg = Release|Any CPU
		{87408C81-581F-4384-80B8-F240E7130AF4}.Release|x86.Build.0 = Release|Any CPU
		{F0E5AEB2-17B1-4310-B6A2-C8919E394BD1}.Debug|Any CPU.ActiveCfg = Debug|Any CPU
		{F0E5AEB2-17B1-4310-B6A2-C8919E394BD1}.Debug|Any CPU.Build.0 = Debug|Any CPU
		{F0E5AEB2-17B1-4310-B6A2-C8919E394BD1}.Debug|x64.ActiveCfg = Debug|Any CPU
		{F0E5AEB2-17B1-4310-B6A2-C8919E394BD1}.Debug|x64.Build.0 = Debug|Any CPU
		{F0E5AEB2-17B1-4310-B6A2-C8919E394BD1}.Debug|x86.ActiveCfg = Debug|Any CPU
		{F0E5AEB2-17B1-4310-B6A2-C8919E394BD1}.Debug|x86.Build.0 = Debug|Any CPU
		{F0E5AEB2-17B1-4310-B6A2-C8919E394BD1}.Release|Any CPU.ActiveCfg = Release|Any CPU
		{F0E5AEB2-17B1-4310-B6A2-C8919E394BD1}.Release|Any CPU.Build.0 = Release|Any CPU
		{F0E5AEB2-17B1-4310-B6A2-C8919E394BD1}.Release|x64.ActiveCfg = Release|Any CPU
		{F0E5AEB2-17B1-4310-B6A2-C8919E394BD1}.Release|x64.Build.0 = Release|Any CPU
		{F0E5AEB2-17B1-4310-B6A2-C8919E394BD1}.Release|x86.ActiveCfg = Release|Any CPU
		{F0E5AEB2-17B1-4310-B6A2-C8919E394BD1}.Release|x86.Build.0 = Release|Any CPU
		{4B7C0571-7705-4BE2-A5BE-C6CAD0DE9144}.Debug|Any CPU.ActiveCfg = Debug|Any CPU
		{4B7C0571-7705-4BE2-A5BE-C6CAD0DE9144}.Debug|Any CPU.Build.0 = Debug|Any CPU
		{4B7C0571-7705-4BE2-A5BE-C6CAD0DE9144}.Debug|x64.ActiveCfg = Debug|Any CPU
		{4B7C0571-7705-4BE2-A5BE-C6CAD0DE9144}.Debug|x64.Build.0 = Debug|Any CPU
		{4B7C0571-7705-4BE2-A5BE-C6CAD0DE9144}.Debug|x86.ActiveCfg = Debug|Any CPU
		{4B7C0571-7705-4BE2-A5BE-C6CAD0DE9144}.Debug|x86.Build.0 = Debug|Any CPU
		{4B7C0571-7705-4BE2-A5BE-C6CAD0DE9144}.Release|Any CPU.ActiveCfg = Release|Any CPU
		{4B7C0571-7705-4BE2-A5BE-C6CAD0DE9144}.Release|Any CPU.Build.0 = Release|Any CPU
		{4B7C0571-7705-4BE2-A5BE-C6CAD0DE9144}.Release|x64.ActiveCfg = Release|Any CPU
		{4B7C0571-7705-4BE2-A5BE-C6CAD0DE9144}.Release|x64.Build.0 = Release|Any CPU
		{4B7C0571-7705-4BE2-A5BE-C6CAD0DE9144}.Release|x86.ActiveCfg = Release|Any CPU
		{4B7C0571-7705-4BE2-A5BE-C6CAD0DE9144}.Release|x86.Build.0 = Release|Any CPU
		{64902CD3-35F8-4C5B-8DAF-A4D1FCABA53A}.Debug|Any CPU.ActiveCfg = Debug|Any CPU
		{64902CD3-35F8-4C5B-8DAF-A4D1FCABA53A}.Debug|Any CPU.Build.0 = Debug|Any CPU
		{64902CD3-35F8-4C5B-8DAF-A4D1FCABA53A}.Debug|x64.ActiveCfg = Debug|Any CPU
		{64902CD3-35F8-4C5B-8DAF-A4D1FCABA53A}.Debug|x64.Build.0 = Debug|Any CPU
		{64902CD3-35F8-4C5B-8DAF-A4D1FCABA53A}.Debug|x86.ActiveCfg = Debug|Any CPU
		{64902CD3-35F8-4C5B-8DAF-A4D1FCABA53A}.Debug|x86.Build.0 = Debug|Any CPU
		{64902CD3-35F8-4C5B-8DAF-A4D1FCABA53A}.Release|Any CPU.ActiveCfg = Release|Any CPU
		{64902CD3-35F8-4C5B-8DAF-A4D1FCABA53A}.Release|Any CPU.Build.0 = Release|Any CPU
		{64902CD3-35F8-4C5B-8DAF-A4D1FCABA53A}.Release|x64.ActiveCfg = Release|Any CPU
		{64902CD3-35F8-4C5B-8DAF-A4D1FCABA53A}.Release|x64.Build.0 = Release|Any CPU
		{64902CD3-35F8-4C5B-8DAF-A4D1FCABA53A}.Release|x86.ActiveCfg = Release|Any CPU
		{64902CD3-35F8-4C5B-8DAF-A4D1FCABA53A}.Release|x86.Build.0 = Release|Any CPU
		{F38E0E90-FF58-4C59-8622-080EF707B20C}.Debug|Any CPU.ActiveCfg = Debug|Any CPU
		{F38E0E90-FF58-4C59-8622-080EF707B20C}.Debug|Any CPU.Build.0 = Debug|Any CPU
		{F38E0E90-FF58-4C59-8622-080EF707B20C}.Debug|x64.ActiveCfg = Debug|Any CPU
		{F38E0E90-FF58-4C59-8622-080EF707B20C}.Debug|x64.Build.0 = Debug|Any CPU
		{F38E0E90-FF58-4C59-8622-080EF707B20C}.Debug|x86.ActiveCfg = Debug|Any CPU
		{F38E0E90-FF58-4C59-8622-080EF707B20C}.Debug|x86.Build.0 = Debug|Any CPU
		{F38E0E90-FF58-4C59-8622-080EF707B20C}.Release|Any CPU.ActiveCfg = Release|Any CPU
		{F38E0E90-FF58-4C59-8622-080EF707B20C}.Release|Any CPU.Build.0 = Release|Any CPU
		{F38E0E90-FF58-4C59-8622-080EF707B20C}.Release|x64.ActiveCfg = Release|Any CPU
		{F38E0E90-FF58-4C59-8622-080EF707B20C}.Release|x64.Build.0 = Release|Any CPU
		{F38E0E90-FF58-4C59-8622-080EF707B20C}.Release|x86.ActiveCfg = Release|Any CPU
		{F38E0E90-FF58-4C59-8622-080EF707B20C}.Release|x86.Build.0 = Release|Any CPU
		{EAFE01DC-35E1-4401-A3D4-283C988C0478}.Debug|Any CPU.ActiveCfg = Debug|Any CPU
		{EAFE01DC-35E1-4401-A3D4-283C988C0478}.Debug|Any CPU.Build.0 = Debug|Any CPU
		{EAFE01DC-35E1-4401-A3D4-283C988C0478}.Debug|x64.ActiveCfg = Debug|Any CPU
		{EAFE01DC-35E1-4401-A3D4-283C988C0478}.Debug|x64.Build.0 = Debug|Any CPU
		{EAFE01DC-35E1-4401-A3D4-283C988C0478}.Debug|x86.ActiveCfg = Debug|Any CPU
		{EAFE01DC-35E1-4401-A3D4-283C988C0478}.Debug|x86.Build.0 = Debug|Any CPU
		{EAFE01DC-35E1-4401-A3D4-283C988C0478}.Release|Any CPU.ActiveCfg = Release|Any CPU
		{EAFE01DC-35E1-4401-A3D4-283C988C0478}.Release|Any CPU.Build.0 = Release|Any CPU
		{EAFE01DC-35E1-4401-A3D4-283C988C0478}.Release|x64.ActiveCfg = Release|Any CPU
		{EAFE01DC-35E1-4401-A3D4-283C988C0478}.Release|x64.Build.0 = Release|Any CPU
		{EAFE01DC-35E1-4401-A3D4-283C988C0478}.Release|x86.ActiveCfg = Release|Any CPU
		{EAFE01DC-35E1-4401-A3D4-283C988C0478}.Release|x86.Build.0 = Release|Any CPU
		{35CF481F-E190-4C10-8144-9B1FFBAEC9C3}.Debug|Any CPU.ActiveCfg = Debug|Any CPU
		{35CF481F-E190-4C10-8144-9B1FFBAEC9C3}.Debug|Any CPU.Build.0 = Debug|Any CPU
		{35CF481F-E190-4C10-8144-9B1FFBAEC9C3}.Debug|x64.ActiveCfg = Debug|Any CPU
		{35CF481F-E190-4C10-8144-9B1FFBAEC9C3}.Debug|x64.Build.0 = Debug|Any CPU
		{35CF481F-E190-4C10-8144-9B1FFBAEC9C3}.Debug|x86.ActiveCfg = Debug|Any CPU
		{35CF481F-E190-4C10-8144-9B1FFBAEC9C3}.Debug|x86.Build.0 = Debug|Any CPU
		{35CF481F-E190-4C10-8144-9B1FFBAEC9C3}.Release|Any CPU.ActiveCfg = Release|Any CPU
		{35CF481F-E190-4C10-8144-9B1FFBAEC9C3}.Release|Any CPU.Build.0 = Release|Any CPU
		{35CF481F-E190-4C10-8144-9B1FFBAEC9C3}.Release|x64.ActiveCfg = Release|Any CPU
		{35CF481F-E190-4C10-8144-9B1FFBAEC9C3}.Release|x64.Build.0 = Release|Any CPU
		{35CF481F-E190-4C10-8144-9B1FFBAEC9C3}.Release|x86.ActiveCfg = Release|Any CPU
		{35CF481F-E190-4C10-8144-9B1FFBAEC9C3}.Release|x86.Build.0 = Release|Any CPU
		{64E5ACF9-8A78-4003-912D-D179B13EC013}.Debug|Any CPU.ActiveCfg = Debug|Any CPU
		{64E5ACF9-8A78-4003-912D-D179B13EC013}.Debug|Any CPU.Build.0 = Debug|Any CPU
		{64E5ACF9-8A78-4003-912D-D179B13EC013}.Debug|x64.ActiveCfg = Debug|Any CPU
		{64E5ACF9-8A78-4003-912D-D179B13EC013}.Debug|x64.Build.0 = Debug|Any CPU
		{64E5ACF9-8A78-4003-912D-D179B13EC013}.Debug|x86.ActiveCfg = Debug|Any CPU
		{64E5ACF9-8A78-4003-912D-D179B13EC013}.Debug|x86.Build.0 = Debug|Any CPU
		{64E5ACF9-8A78-4003-912D-D179B13EC013}.Release|Any CPU.ActiveCfg = Release|Any CPU
		{64E5ACF9-8A78-4003-912D-D179B13EC013}.Release|Any CPU.Build.0 = Release|Any CPU
		{64E5ACF9-8A78-4003-912D-D179B13EC013}.Release|x64.ActiveCfg = Release|Any CPU
		{64E5ACF9-8A78-4003-912D-D179B13EC013}.Release|x64.Build.0 = Release|Any CPU
		{64E5ACF9-8A78-4003-912D-D179B13EC013}.Release|x86.ActiveCfg = Release|Any CPU
		{64E5ACF9-8A78-4003-912D-D179B13EC013}.Release|x86.Build.0 = Release|Any CPU
		{58D7E4E9-38AA-43A6-8C01-902669D67308}.Debug|Any CPU.ActiveCfg = Debug|Any CPU
		{58D7E4E9-38AA-43A6-8C01-902669D67308}.Debug|Any CPU.Build.0 = Debug|Any CPU
		{58D7E4E9-38AA-43A6-8C01-902669D67308}.Debug|x64.ActiveCfg = Debug|Any CPU
		{58D7E4E9-38AA-43A6-8C01-902669D67308}.Debug|x64.Build.0 = Debug|Any CPU
		{58D7E4E9-38AA-43A6-8C01-902669D67308}.Debug|x86.ActiveCfg = Debug|Any CPU
		{58D7E4E9-38AA-43A6-8C01-902669D67308}.Debug|x86.Build.0 = Debug|Any CPU
		{58D7E4E9-38AA-43A6-8C01-902669D67308}.Release|Any CPU.ActiveCfg = Release|Any CPU
		{58D7E4E9-38AA-43A6-8C01-902669D67308}.Release|Any CPU.Build.0 = Release|Any CPU
		{58D7E4E9-38AA-43A6-8C01-902669D67308}.Release|x64.ActiveCfg = Release|Any CPU
		{58D7E4E9-38AA-43A6-8C01-902669D67308}.Release|x64.Build.0 = Release|Any CPU
		{58D7E4E9-38AA-43A6-8C01-902669D67308}.Release|x86.ActiveCfg = Release|Any CPU
		{58D7E4E9-38AA-43A6-8C01-902669D67308}.Release|x86.Build.0 = Release|Any CPU
		{DAEE7975-F335-46C5-8E0F-6440126634E6}.Debug|Any CPU.ActiveCfg = Debug|Any CPU
		{DAEE7975-F335-46C5-8E0F-6440126634E6}.Debug|Any CPU.Build.0 = Debug|Any CPU
		{DAEE7975-F335-46C5-8E0F-6440126634E6}.Debug|x64.ActiveCfg = Debug|Any CPU
		{DAEE7975-F335-46C5-8E0F-6440126634E6}.Debug|x64.Build.0 = Debug|Any CPU
		{DAEE7975-F335-46C5-8E0F-6440126634E6}.Debug|x86.ActiveCfg = Debug|Any CPU
		{DAEE7975-F335-46C5-8E0F-6440126634E6}.Debug|x86.Build.0 = Debug|Any CPU
		{DAEE7975-F335-46C5-8E0F-6440126634E6}.Release|Any CPU.ActiveCfg = Release|Any CPU
		{DAEE7975-F335-46C5-8E0F-6440126634E6}.Release|Any CPU.Build.0 = Release|Any CPU
		{DAEE7975-F335-46C5-8E0F-6440126634E6}.Release|x64.ActiveCfg = Release|Any CPU
		{DAEE7975-F335-46C5-8E0F-6440126634E6}.Release|x64.Build.0 = Release|Any CPU
		{DAEE7975-F335-46C5-8E0F-6440126634E6}.Release|x86.ActiveCfg = Release|Any CPU
		{DAEE7975-F335-46C5-8E0F-6440126634E6}.Release|x86.Build.0 = Release|Any CPU
		{E20D353D-99CC-4E1E-9100-BB69E5E8C650}.Debug|Any CPU.ActiveCfg = Debug|Any CPU
		{E20D353D-99CC-4E1E-9100-BB69E5E8C650}.Debug|Any CPU.Build.0 = Debug|Any CPU
		{E20D353D-99CC-4E1E-9100-BB69E5E8C650}.Debug|x64.ActiveCfg = Debug|Any CPU
		{E20D353D-99CC-4E1E-9100-BB69E5E8C650}.Debug|x64.Build.0 = Debug|Any CPU
		{E20D353D-99CC-4E1E-9100-BB69E5E8C650}.Debug|x86.ActiveCfg = Debug|Any CPU
		{E20D353D-99CC-4E1E-9100-BB69E5E8C650}.Debug|x86.Build.0 = Debug|Any CPU
		{E20D353D-99CC-4E1E-9100-BB69E5E8C650}.Release|Any CPU.ActiveCfg = Release|Any CPU
		{E20D353D-99CC-4E1E-9100-BB69E5E8C650}.Release|Any CPU.Build.0 = Release|Any CPU
		{E20D353D-99CC-4E1E-9100-BB69E5E8C650}.Release|x64.ActiveCfg = Release|Any CPU
		{E20D353D-99CC-4E1E-9100-BB69E5E8C650}.Release|x64.Build.0 = Release|Any CPU
		{E20D353D-99CC-4E1E-9100-BB69E5E8C650}.Release|x86.ActiveCfg = Release|Any CPU
		{E20D353D-99CC-4E1E-9100-BB69E5E8C650}.Release|x86.Build.0 = Release|Any CPU
		{D651D597-F44E-4C0E-A132-F843F661D880}.Debug|Any CPU.ActiveCfg = Debug|Any CPU
		{D651D597-F44E-4C0E-A132-F843F661D880}.Debug|Any CPU.Build.0 = Debug|Any CPU
		{D651D597-F44E-4C0E-A132-F843F661D880}.Debug|x64.ActiveCfg = Debug|Any CPU
		{D651D597-F44E-4C0E-A132-F843F661D880}.Debug|x64.Build.0 = Debug|Any CPU
		{D651D597-F44E-4C0E-A132-F843F661D880}.Debug|x86.ActiveCfg = Debug|Any CPU
		{D651D597-F44E-4C0E-A132-F843F661D880}.Debug|x86.Build.0 = Debug|Any CPU
		{D651D597-F44E-4C0E-A132-F843F661D880}.Release|Any CPU.ActiveCfg = Release|Any CPU
		{D651D597-F44E-4C0E-A132-F843F661D880}.Release|Any CPU.Build.0 = Release|Any CPU
		{D651D597-F44E-4C0E-A132-F843F661D880}.Release|x64.ActiveCfg = Release|Any CPU
		{D651D597-F44E-4C0E-A132-F843F661D880}.Release|x64.Build.0 = Release|Any CPU
		{D651D597-F44E-4C0E-A132-F843F661D880}.Release|x86.ActiveCfg = Release|Any CPU
		{D651D597-F44E-4C0E-A132-F843F661D880}.Release|x86.Build.0 = Release|Any CPU
		{341CAF99-DD79-46E6-A4EC-0C0FDBAA4C23}.Debug|Any CPU.ActiveCfg = Debug|Any CPU
		{341CAF99-DD79-46E6-A4EC-0C0FDBAA4C23}.Debug|Any CPU.Build.0 = Debug|Any CPU
		{341CAF99-DD79-46E6-A4EC-0C0FDBAA4C23}.Debug|x64.ActiveCfg = Debug|Any CPU
		{341CAF99-DD79-46E6-A4EC-0C0FDBAA4C23}.Debug|x64.Build.0 = Debug|Any CPU
		{341CAF99-DD79-46E6-A4EC-0C0FDBAA4C23}.Debug|x86.ActiveCfg = Debug|Any CPU
		{341CAF99-DD79-46E6-A4EC-0C0FDBAA4C23}.Debug|x86.Build.0 = Debug|Any CPU
		{341CAF99-DD79-46E6-A4EC-0C0FDBAA4C23}.Release|Any CPU.ActiveCfg = Release|Any CPU
		{341CAF99-DD79-46E6-A4EC-0C0FDBAA4C23}.Release|Any CPU.Build.0 = Release|Any CPU
		{341CAF99-DD79-46E6-A4EC-0C0FDBAA4C23}.Release|x64.ActiveCfg = Release|Any CPU
		{341CAF99-DD79-46E6-A4EC-0C0FDBAA4C23}.Release|x64.Build.0 = Release|Any CPU
		{341CAF99-DD79-46E6-A4EC-0C0FDBAA4C23}.Release|x86.ActiveCfg = Release|Any CPU
		{341CAF99-DD79-46E6-A4EC-0C0FDBAA4C23}.Release|x86.Build.0 = Release|Any CPU
		{BD8F017C-BA3D-4F04-9AA2-23A5861F4D1F}.Debug|Any CPU.ActiveCfg = Debug|Any CPU
		{BD8F017C-BA3D-4F04-9AA2-23A5861F4D1F}.Debug|Any CPU.Build.0 = Debug|Any CPU
		{BD8F017C-BA3D-4F04-9AA2-23A5861F4D1F}.Debug|x64.ActiveCfg = Debug|Any CPU
		{BD8F017C-BA3D-4F04-9AA2-23A5861F4D1F}.Debug|x64.Build.0 = Debug|Any CPU
		{BD8F017C-BA3D-4F04-9AA2-23A5861F4D1F}.Debug|x86.ActiveCfg = Debug|Any CPU
		{BD8F017C-BA3D-4F04-9AA2-23A5861F4D1F}.Debug|x86.Build.0 = Debug|Any CPU
		{BD8F017C-BA3D-4F04-9AA2-23A5861F4D1F}.Release|Any CPU.ActiveCfg = Release|Any CPU
		{BD8F017C-BA3D-4F04-9AA2-23A5861F4D1F}.Release|Any CPU.Build.0 = Release|Any CPU
		{BD8F017C-BA3D-4F04-9AA2-23A5861F4D1F}.Release|x64.ActiveCfg = Release|Any CPU
		{BD8F017C-BA3D-4F04-9AA2-23A5861F4D1F}.Release|x64.Build.0 = Release|Any CPU
		{BD8F017C-BA3D-4F04-9AA2-23A5861F4D1F}.Release|x86.ActiveCfg = Release|Any CPU
		{BD8F017C-BA3D-4F04-9AA2-23A5861F4D1F}.Release|x86.Build.0 = Release|Any CPU
		{D212FB11-74F4-4F93-BCA0-E739B961DD2A}.Debug|Any CPU.ActiveCfg = Debug|Any CPU
		{D212FB11-74F4-4F93-BCA0-E739B961DD2A}.Debug|Any CPU.Build.0 = Debug|Any CPU
		{D212FB11-74F4-4F93-BCA0-E739B961DD2A}.Debug|x64.ActiveCfg = Debug|Any CPU
		{D212FB11-74F4-4F93-BCA0-E739B961DD2A}.Debug|x64.Build.0 = Debug|Any CPU
		{D212FB11-74F4-4F93-BCA0-E739B961DD2A}.Debug|x86.ActiveCfg = Debug|Any CPU
		{D212FB11-74F4-4F93-BCA0-E739B961DD2A}.Debug|x86.Build.0 = Debug|Any CPU
		{D212FB11-74F4-4F93-BCA0-E739B961DD2A}.Release|Any CPU.ActiveCfg = Release|Any CPU
		{D212FB11-74F4-4F93-BCA0-E739B961DD2A}.Release|Any CPU.Build.0 = Release|Any CPU
		{D212FB11-74F4-4F93-BCA0-E739B961DD2A}.Release|x64.ActiveCfg = Release|Any CPU
		{D212FB11-74F4-4F93-BCA0-E739B961DD2A}.Release|x64.Build.0 = Release|Any CPU
		{D212FB11-74F4-4F93-BCA0-E739B961DD2A}.Release|x86.ActiveCfg = Release|Any CPU
		{D212FB11-74F4-4F93-BCA0-E739B961DD2A}.Release|x86.Build.0 = Release|Any CPU
		{841232A9-3219-428D-BDD6-E4E722096AAF}.Debug|Any CPU.ActiveCfg = Debug|Any CPU
		{841232A9-3219-428D-BDD6-E4E722096AAF}.Debug|Any CPU.Build.0 = Debug|Any CPU
		{841232A9-3219-428D-BDD6-E4E722096AAF}.Debug|x64.ActiveCfg = Debug|Any CPU
		{841232A9-3219-428D-BDD6-E4E722096AAF}.Debug|x64.Build.0 = Debug|Any CPU
		{841232A9-3219-428D-BDD6-E4E722096AAF}.Debug|x86.ActiveCfg = Debug|Any CPU
		{841232A9-3219-428D-BDD6-E4E722096AAF}.Debug|x86.Build.0 = Debug|Any CPU
		{841232A9-3219-428D-BDD6-E4E722096AAF}.Release|Any CPU.ActiveCfg = Release|Any CPU
		{841232A9-3219-428D-BDD6-E4E722096AAF}.Release|Any CPU.Build.0 = Release|Any CPU
		{841232A9-3219-428D-BDD6-E4E722096AAF}.Release|x64.ActiveCfg = Release|Any CPU
		{841232A9-3219-428D-BDD6-E4E722096AAF}.Release|x64.Build.0 = Release|Any CPU
		{841232A9-3219-428D-BDD6-E4E722096AAF}.Release|x86.ActiveCfg = Release|Any CPU
		{841232A9-3219-428D-BDD6-E4E722096AAF}.Release|x86.Build.0 = Release|Any CPU
		{8978F24E-2DF5-456F-8880-188E90955306}.Debug|Any CPU.ActiveCfg = Debug|Any CPU
		{8978F24E-2DF5-456F-8880-188E90955306}.Debug|Any CPU.Build.0 = Debug|Any CPU
		{8978F24E-2DF5-456F-8880-188E90955306}.Debug|x64.ActiveCfg = Debug|Any CPU
		{8978F24E-2DF5-456F-8880-188E90955306}.Debug|x64.Build.0 = Debug|Any CPU
		{8978F24E-2DF5-456F-8880-188E90955306}.Debug|x86.ActiveCfg = Debug|Any CPU
		{8978F24E-2DF5-456F-8880-188E90955306}.Debug|x86.Build.0 = Debug|Any CPU
		{8978F24E-2DF5-456F-8880-188E90955306}.Release|Any CPU.ActiveCfg = Release|Any CPU
		{8978F24E-2DF5-456F-8880-188E90955306}.Release|Any CPU.Build.0 = Release|Any CPU
		{8978F24E-2DF5-456F-8880-188E90955306}.Release|x64.ActiveCfg = Release|Any CPU
		{8978F24E-2DF5-456F-8880-188E90955306}.Release|x64.Build.0 = Release|Any CPU
		{8978F24E-2DF5-456F-8880-188E90955306}.Release|x86.ActiveCfg = Release|Any CPU
		{8978F24E-2DF5-456F-8880-188E90955306}.Release|x86.Build.0 = Release|Any CPU
		{61D29466-6C2F-4A0B-896A-89C222725E07}.Debug|Any CPU.ActiveCfg = Debug|Any CPU
		{61D29466-6C2F-4A0B-896A-89C222725E07}.Debug|Any CPU.Build.0 = Debug|Any CPU
		{61D29466-6C2F-4A0B-896A-89C222725E07}.Debug|x64.ActiveCfg = Debug|Any CPU
		{61D29466-6C2F-4A0B-896A-89C222725E07}.Debug|x64.Build.0 = Debug|Any CPU
		{61D29466-6C2F-4A0B-896A-89C222725E07}.Debug|x86.ActiveCfg = Debug|Any CPU
		{61D29466-6C2F-4A0B-896A-89C222725E07}.Debug|x86.Build.0 = Debug|Any CPU
		{61D29466-6C2F-4A0B-896A-89C222725E07}.Release|Any CPU.ActiveCfg = Release|Any CPU
		{61D29466-6C2F-4A0B-896A-89C222725E07}.Release|Any CPU.Build.0 = Release|Any CPU
		{61D29466-6C2F-4A0B-896A-89C222725E07}.Release|x64.ActiveCfg = Release|Any CPU
		{61D29466-6C2F-4A0B-896A-89C222725E07}.Release|x64.Build.0 = Release|Any CPU
		{61D29466-6C2F-4A0B-896A-89C222725E07}.Release|x86.ActiveCfg = Release|Any CPU
		{61D29466-6C2F-4A0B-896A-89C222725E07}.Release|x86.Build.0 = Release|Any CPU
		{56E5EBF1-DE21-4EF6-9302-9BB97F482213}.Debug|Any CPU.ActiveCfg = Debug|Any CPU
		{56E5EBF1-DE21-4EF6-9302-9BB97F482213}.Debug|Any CPU.Build.0 = Debug|Any CPU
		{56E5EBF1-DE21-4EF6-9302-9BB97F482213}.Debug|x64.ActiveCfg = Debug|Any CPU
		{56E5EBF1-DE21-4EF6-9302-9BB97F482213}.Debug|x64.Build.0 = Debug|Any CPU
		{56E5EBF1-DE21-4EF6-9302-9BB97F482213}.Debug|x86.ActiveCfg = Debug|Any CPU
		{56E5EBF1-DE21-4EF6-9302-9BB97F482213}.Debug|x86.Build.0 = Debug|Any CPU
		{56E5EBF1-DE21-4EF6-9302-9BB97F482213}.Release|Any CPU.ActiveCfg = Release|Any CPU
		{56E5EBF1-DE21-4EF6-9302-9BB97F482213}.Release|Any CPU.Build.0 = Release|Any CPU
		{56E5EBF1-DE21-4EF6-9302-9BB97F482213}.Release|x64.ActiveCfg = Release|Any CPU
		{56E5EBF1-DE21-4EF6-9302-9BB97F482213}.Release|x64.Build.0 = Release|Any CPU
		{56E5EBF1-DE21-4EF6-9302-9BB97F482213}.Release|x86.ActiveCfg = Release|Any CPU
		{56E5EBF1-DE21-4EF6-9302-9BB97F482213}.Release|x86.Build.0 = Release|Any CPU
		{CCF2A56D-51AB-46A2-A4FE-4DFA5BDB0022}.Debug|Any CPU.ActiveCfg = Debug|Any CPU
		{CCF2A56D-51AB-46A2-A4FE-4DFA5BDB0022}.Debug|Any CPU.Build.0 = Debug|Any CPU
		{CCF2A56D-51AB-46A2-A4FE-4DFA5BDB0022}.Debug|x64.ActiveCfg = Debug|Any CPU
		{CCF2A56D-51AB-46A2-A4FE-4DFA5BDB0022}.Debug|x64.Build.0 = Debug|Any CPU
		{CCF2A56D-51AB-46A2-A4FE-4DFA5BDB0022}.Debug|x86.ActiveCfg = Debug|Any CPU
		{CCF2A56D-51AB-46A2-A4FE-4DFA5BDB0022}.Debug|x86.Build.0 = Debug|Any CPU
		{CCF2A56D-51AB-46A2-A4FE-4DFA5BDB0022}.Release|Any CPU.ActiveCfg = Release|Any CPU
		{CCF2A56D-51AB-46A2-A4FE-4DFA5BDB0022}.Release|Any CPU.Build.0 = Release|Any CPU
		{CCF2A56D-51AB-46A2-A4FE-4DFA5BDB0022}.Release|x64.ActiveCfg = Release|Any CPU
		{CCF2A56D-51AB-46A2-A4FE-4DFA5BDB0022}.Release|x64.Build.0 = Release|Any CPU
		{CCF2A56D-51AB-46A2-A4FE-4DFA5BDB0022}.Release|x86.ActiveCfg = Release|Any CPU
		{CCF2A56D-51AB-46A2-A4FE-4DFA5BDB0022}.Release|x86.Build.0 = Release|Any CPU
		{3A48AF1C-16B2-44F0-A0FD-F992CFBDB16E}.Debug|Any CPU.ActiveCfg = Debug|Any CPU
		{3A48AF1C-16B2-44F0-A0FD-F992CFBDB16E}.Debug|Any CPU.Build.0 = Debug|Any CPU
		{3A48AF1C-16B2-44F0-A0FD-F992CFBDB16E}.Debug|x64.ActiveCfg = Debug|Any CPU
		{3A48AF1C-16B2-44F0-A0FD-F992CFBDB16E}.Debug|x64.Build.0 = Debug|Any CPU
		{3A48AF1C-16B2-44F0-A0FD-F992CFBDB16E}.Debug|x86.ActiveCfg = Debug|Any CPU
		{3A48AF1C-16B2-44F0-A0FD-F992CFBDB16E}.Debug|x86.Build.0 = Debug|Any CPU
		{3A48AF1C-16B2-44F0-A0FD-F992CFBDB16E}.Release|Any CPU.ActiveCfg = Release|Any CPU
		{3A48AF1C-16B2-44F0-A0FD-F992CFBDB16E}.Release|Any CPU.Build.0 = Release|Any CPU
		{3A48AF1C-16B2-44F0-A0FD-F992CFBDB16E}.Release|x64.ActiveCfg = Release|Any CPU
		{3A48AF1C-16B2-44F0-A0FD-F992CFBDB16E}.Release|x64.Build.0 = Release|Any CPU
		{3A48AF1C-16B2-44F0-A0FD-F992CFBDB16E}.Release|x86.ActiveCfg = Release|Any CPU
		{3A48AF1C-16B2-44F0-A0FD-F992CFBDB16E}.Release|x86.Build.0 = Release|Any CPU
		{6BC2C8C3-ACDE-42F5-9B82-575C2E569427}.Debug|Any CPU.ActiveCfg = Debug|Any CPU
		{6BC2C8C3-ACDE-42F5-9B82-575C2E569427}.Debug|Any CPU.Build.0 = Debug|Any CPU
		{6BC2C8C3-ACDE-42F5-9B82-575C2E569427}.Debug|x64.ActiveCfg = Debug|Any CPU
		{6BC2C8C3-ACDE-42F5-9B82-575C2E569427}.Debug|x64.Build.0 = Debug|Any CPU
		{6BC2C8C3-ACDE-42F5-9B82-575C2E569427}.Debug|x86.ActiveCfg = Debug|Any CPU
		{6BC2C8C3-ACDE-42F5-9B82-575C2E569427}.Debug|x86.Build.0 = Debug|Any CPU
		{6BC2C8C3-ACDE-42F5-9B82-575C2E569427}.Release|Any CPU.ActiveCfg = Release|Any CPU
		{6BC2C8C3-ACDE-42F5-9B82-575C2E569427}.Release|Any CPU.Build.0 = Release|Any CPU
		{6BC2C8C3-ACDE-42F5-9B82-575C2E569427}.Release|x64.ActiveCfg = Release|Any CPU
		{6BC2C8C3-ACDE-42F5-9B82-575C2E569427}.Release|x64.Build.0 = Release|Any CPU
		{6BC2C8C3-ACDE-42F5-9B82-575C2E569427}.Release|x86.ActiveCfg = Release|Any CPU
		{6BC2C8C3-ACDE-42F5-9B82-575C2E569427}.Release|x86.Build.0 = Release|Any CPU
		{7BCDE471-B25E-4341-9DCC-2DD396EEA6F6}.Debug|Any CPU.ActiveCfg = Debug|Any CPU
		{7BCDE471-B25E-4341-9DCC-2DD396EEA6F6}.Debug|Any CPU.Build.0 = Debug|Any CPU
		{7BCDE471-B25E-4341-9DCC-2DD396EEA6F6}.Debug|x64.ActiveCfg = Debug|Any CPU
		{7BCDE471-B25E-4341-9DCC-2DD396EEA6F6}.Debug|x64.Build.0 = Debug|Any CPU
		{7BCDE471-B25E-4341-9DCC-2DD396EEA6F6}.Debug|x86.ActiveCfg = Debug|Any CPU
		{7BCDE471-B25E-4341-9DCC-2DD396EEA6F6}.Debug|x86.Build.0 = Debug|Any CPU
		{7BCDE471-B25E-4341-9DCC-2DD396EEA6F6}.Release|Any CPU.ActiveCfg = Release|Any CPU
		{7BCDE471-B25E-4341-9DCC-2DD396EEA6F6}.Release|Any CPU.Build.0 = Release|Any CPU
		{7BCDE471-B25E-4341-9DCC-2DD396EEA6F6}.Release|x64.ActiveCfg = Release|Any CPU
		{7BCDE471-B25E-4341-9DCC-2DD396EEA6F6}.Release|x64.Build.0 = Release|Any CPU
		{7BCDE471-B25E-4341-9DCC-2DD396EEA6F6}.Release|x86.ActiveCfg = Release|Any CPU
		{7BCDE471-B25E-4341-9DCC-2DD396EEA6F6}.Release|x86.Build.0 = Release|Any CPU
		{4CA007A9-47BD-4AE3-AFEB-8FC57AD706DC}.Debug|Any CPU.ActiveCfg = Debug|Any CPU
		{4CA007A9-47BD-4AE3-AFEB-8FC57AD706DC}.Debug|Any CPU.Build.0 = Debug|Any CPU
		{4CA007A9-47BD-4AE3-AFEB-8FC57AD706DC}.Debug|x64.ActiveCfg = Debug|Any CPU
		{4CA007A9-47BD-4AE3-AFEB-8FC57AD706DC}.Debug|x64.Build.0 = Debug|Any CPU
		{4CA007A9-47BD-4AE3-AFEB-8FC57AD706DC}.Debug|x86.ActiveCfg = Debug|Any CPU
		{4CA007A9-47BD-4AE3-AFEB-8FC57AD706DC}.Debug|x86.Build.0 = Debug|Any CPU
		{4CA007A9-47BD-4AE3-AFEB-8FC57AD706DC}.Release|Any CPU.ActiveCfg = Release|Any CPU
		{4CA007A9-47BD-4AE3-AFEB-8FC57AD706DC}.Release|Any CPU.Build.0 = Release|Any CPU
		{4CA007A9-47BD-4AE3-AFEB-8FC57AD706DC}.Release|x64.ActiveCfg = Release|Any CPU
		{4CA007A9-47BD-4AE3-AFEB-8FC57AD706DC}.Release|x64.Build.0 = Release|Any CPU
		{4CA007A9-47BD-4AE3-AFEB-8FC57AD706DC}.Release|x86.ActiveCfg = Release|Any CPU
		{4CA007A9-47BD-4AE3-AFEB-8FC57AD706DC}.Release|x86.Build.0 = Release|Any CPU
		{AAB41F79-875B-4E03-82D6-C2491C917D16}.Debug|Any CPU.ActiveCfg = Debug|Any CPU
		{AAB41F79-875B-4E03-82D6-C2491C917D16}.Debug|Any CPU.Build.0 = Debug|Any CPU
		{AAB41F79-875B-4E03-82D6-C2491C917D16}.Debug|x64.ActiveCfg = Debug|Any CPU
		{AAB41F79-875B-4E03-82D6-C2491C917D16}.Debug|x64.Build.0 = Debug|Any CPU
		{AAB41F79-875B-4E03-82D6-C2491C917D16}.Debug|x86.ActiveCfg = Debug|Any CPU
		{AAB41F79-875B-4E03-82D6-C2491C917D16}.Debug|x86.Build.0 = Debug|Any CPU
		{AAB41F79-875B-4E03-82D6-C2491C917D16}.Release|Any CPU.ActiveCfg = Release|Any CPU
		{AAB41F79-875B-4E03-82D6-C2491C917D16}.Release|Any CPU.Build.0 = Release|Any CPU
		{AAB41F79-875B-4E03-82D6-C2491C917D16}.Release|x64.ActiveCfg = Release|Any CPU
		{AAB41F79-875B-4E03-82D6-C2491C917D16}.Release|x64.Build.0 = Release|Any CPU
		{AAB41F79-875B-4E03-82D6-C2491C917D16}.Release|x86.ActiveCfg = Release|Any CPU
		{AAB41F79-875B-4E03-82D6-C2491C917D16}.Release|x86.Build.0 = Release|Any CPU
	EndGlobalSection
	GlobalSection(SolutionProperties) = preSolution
		HideSolutionNode = FALSE
	EndGlobalSection
	GlobalSection(ExtensibilityGlobals) = postSolution
		SolutionGuid = {29511E14-6738-4F53-9F33-E802E28455C7}
	EndGlobalSection
EndGlobal
